// !$*UTF8*$!
{
	archiveVersion = 1;
	classes = {
	};
	objectVersion = 56;
	objects = {

/* Begin PBXBuildFile section */
		C68C28E32B1DDD5300733138 /* SymbolGridApp.swift in Sources */ = {isa = PBXBuildFile; fileRef = C68C28E22B1DDD5300733138 /* SymbolGridApp.swift */; };
		C68C28E72B1DDD5500733138 /* Assets.xcassets in Resources */ = {isa = PBXBuildFile; fileRef = C68C28E62B1DDD5500733138 /* Assets.xcassets */; };
		C68C28EB2B1DDD5500733138 /* Preview Assets.xcassets in Resources */ = {isa = PBXBuildFile; fileRef = C68C28EA2B1DDD5500733138 /* Preview Assets.xcassets */; };
		C68C28F52B1DDD5500733138 /* SymbolGridTests.swift in Sources */ = {isa = PBXBuildFile; fileRef = C68C28F42B1DDD5500733138 /* SymbolGridTests.swift */; };
		C68C28FF2B1DDD5500733138 /* SymbolGridUITests.swift in Sources */ = {isa = PBXBuildFile; fileRef = C68C28FE2B1DDD5500733138 /* SymbolGridUITests.swift */; };
		C68C29012B1DDD5500733138 /* SymbolGridUITestsLaunchTests.swift in Sources */ = {isa = PBXBuildFile; fileRef = C68C29002B1DDD5500733138 /* SymbolGridUITestsLaunchTests.swift */; };
		C68C290E2B1DDD8000733138 /* Symbol.swift in Sources */ = {isa = PBXBuildFile; fileRef = C68C290D2B1DDD8000733138 /* Symbol.swift */; };
		C68C29102B1DDDA100733138 /* SymbolDetail.swift in Sources */ = {isa = PBXBuildFile; fileRef = C68C290F2B1DDDA100733138 /* SymbolDetail.swift */; };
		C68C29122B1DDDBE00733138 /* SymbolGrid.swift in Sources */ = {isa = PBXBuildFile; fileRef = C68C29112B1DDDBE00733138 /* SymbolGrid.swift */; };
		C68C29142B1DDE8E00733138 /* SymbolPicker.swift in Sources */ = {isa = PBXBuildFile; fileRef = C68C29132B1DDE8E00733138 /* SymbolPicker.swift */; };
/* End PBXBuildFile section */

/* Begin PBXContainerItemProxy section */
		C68C28F12B1DDD5500733138 /* PBXContainerItemProxy */ = {
			isa = PBXContainerItemProxy;
			containerPortal = C68C28D72B1DDD5300733138 /* Project object */;
			proxyType = 1;
			remoteGlobalIDString = C68C28DE2B1DDD5300733138;
			remoteInfo = SymbolGrid;
		};
		C68C28FB2B1DDD5500733138 /* PBXContainerItemProxy */ = {
			isa = PBXContainerItemProxy;
			containerPortal = C68C28D72B1DDD5300733138 /* Project object */;
			proxyType = 1;
			remoteGlobalIDString = C68C28DE2B1DDD5300733138;
			remoteInfo = SymbolGrid;
		};
/* End PBXContainerItemProxy section */

/* Begin PBXFileReference section */
		C68C28DF2B1DDD5300733138 /* SymbolGrid.app */ = {isa = PBXFileReference; explicitFileType = wrapper.application; includeInIndex = 0; path = SymbolGrid.app; sourceTree = BUILT_PRODUCTS_DIR; };
		C68C28E22B1DDD5300733138 /* SymbolGridApp.swift */ = {isa = PBXFileReference; lastKnownFileType = sourcecode.swift; path = SymbolGridApp.swift; sourceTree = "<group>"; };
		C68C28E62B1DDD5500733138 /* Assets.xcassets */ = {isa = PBXFileReference; lastKnownFileType = folder.assetcatalog; path = Assets.xcassets; sourceTree = "<group>"; };
		C68C28E82B1DDD5500733138 /* SymbolGrid.entitlements */ = {isa = PBXFileReference; lastKnownFileType = text.plist.entitlements; path = SymbolGrid.entitlements; sourceTree = "<group>"; };
		C68C28EA2B1DDD5500733138 /* Preview Assets.xcassets */ = {isa = PBXFileReference; lastKnownFileType = folder.assetcatalog; path = "Preview Assets.xcassets"; sourceTree = "<group>"; };
		C68C28F02B1DDD5500733138 /* SymbolGridTests.xctest */ = {isa = PBXFileReference; explicitFileType = wrapper.cfbundle; includeInIndex = 0; path = SymbolGridTests.xctest; sourceTree = BUILT_PRODUCTS_DIR; };
		C68C28F42B1DDD5500733138 /* SymbolGridTests.swift */ = {isa = PBXFileReference; lastKnownFileType = sourcecode.swift; path = SymbolGridTests.swift; sourceTree = "<group>"; };
		C68C28FA2B1DDD5500733138 /* SymbolGridUITests.xctest */ = {isa = PBXFileReference; explicitFileType = wrapper.cfbundle; includeInIndex = 0; path = SymbolGridUITests.xctest; sourceTree = BUILT_PRODUCTS_DIR; };
		C68C28FE2B1DDD5500733138 /* SymbolGridUITests.swift */ = {isa = PBXFileReference; lastKnownFileType = sourcecode.swift; path = SymbolGridUITests.swift; sourceTree = "<group>"; };
		C68C29002B1DDD5500733138 /* SymbolGridUITestsLaunchTests.swift */ = {isa = PBXFileReference; lastKnownFileType = sourcecode.swift; path = SymbolGridUITestsLaunchTests.swift; sourceTree = "<group>"; };
		C68C290D2B1DDD8000733138 /* Symbol.swift */ = {isa = PBXFileReference; lastKnownFileType = sourcecode.swift; path = Symbol.swift; sourceTree = "<group>"; };
		C68C290F2B1DDDA100733138 /* SymbolDetail.swift */ = {isa = PBXFileReference; lastKnownFileType = sourcecode.swift; path = SymbolDetail.swift; sourceTree = "<group>"; };
		C68C29112B1DDDBE00733138 /* SymbolGrid.swift */ = {isa = PBXFileReference; lastKnownFileType = sourcecode.swift; path = SymbolGrid.swift; sourceTree = "<group>"; };
		C68C29132B1DDE8E00733138 /* SymbolPicker.swift */ = {isa = PBXFileReference; lastKnownFileType = sourcecode.swift; path = SymbolPicker.swift; sourceTree = "<group>"; };
/* End PBXFileReference section */

/* Begin PBXFrameworksBuildPhase section */
		C68C28DC2B1DDD5300733138 /* Frameworks */ = {
			isa = PBXFrameworksBuildPhase;
			buildActionMask = 2147483647;
			files = (
			);
			runOnlyForDeploymentPostprocessing = 0;
		};
		C68C28ED2B1DDD5500733138 /* Frameworks */ = {
			isa = PBXFrameworksBuildPhase;
			buildActionMask = 2147483647;
			files = (
			);
			runOnlyForDeploymentPostprocessing = 0;
		};
		C68C28F72B1DDD5500733138 /* Frameworks */ = {
			isa = PBXFrameworksBuildPhase;
			buildActionMask = 2147483647;
			files = (
			);
			runOnlyForDeploymentPostprocessing = 0;
		};
/* End PBXFrameworksBuildPhase section */

/* Begin PBXGroup section */
		C68C28D62B1DDD5300733138 = {
			isa = PBXGroup;
			children = (
				C68C28E12B1DDD5300733138 /* SymbolGrid */,
				C68C28F32B1DDD5500733138 /* SymbolGridTests */,
				C68C28FD2B1DDD5500733138 /* SymbolGridUITests */,
				C68C28E02B1DDD5300733138 /* Products */,
			);
			sourceTree = "<group>";
		};
		C68C28E02B1DDD5300733138 /* Products */ = {
			isa = PBXGroup;
			children = (
				C68C28DF2B1DDD5300733138 /* SymbolGrid.app */,
				C68C28F02B1DDD5500733138 /* SymbolGridTests.xctest */,
				C68C28FA2B1DDD5500733138 /* SymbolGridUITests.xctest */,
			);
			name = Products;
			sourceTree = "<group>";
		};
		C68C28E12B1DDD5300733138 /* SymbolGrid */ = {
			isa = PBXGroup;
			children = (
				C68C28E22B1DDD5300733138 /* SymbolGridApp.swift */,
				C68C28E62B1DDD5500733138 /* Assets.xcassets */,
				C68C28E82B1DDD5500733138 /* SymbolGrid.entitlements */,
				C68C28E92B1DDD5500733138 /* Preview Content */,
				C68C290D2B1DDD8000733138 /* Symbol.swift */,
				C68C290F2B1DDDA100733138 /* SymbolDetail.swift */,
				C68C29112B1DDDBE00733138 /* SymbolGrid.swift */,
				C68C29132B1DDE8E00733138 /* SymbolPicker.swift */,
			);
			path = SymbolGrid;
			sourceTree = "<group>";
		};
		C68C28E92B1DDD5500733138 /* Preview Content */ = {
			isa = PBXGroup;
			children = (
				C68C28EA2B1DDD5500733138 /* Preview Assets.xcassets */,
			);
			path = "Preview Content";
			sourceTree = "<group>";
		};
		C68C28F32B1DDD5500733138 /* SymbolGridTests */ = {
			isa = PBXGroup;
			children = (
				C68C28F42B1DDD5500733138 /* SymbolGridTests.swift */,
			);
			path = SymbolGridTests;
			sourceTree = "<group>";
		};
		C68C28FD2B1DDD5500733138 /* SymbolGridUITests */ = {
			isa = PBXGroup;
			children = (
				C68C28FE2B1DDD5500733138 /* SymbolGridUITests.swift */,
				C68C29002B1DDD5500733138 /* SymbolGridUITestsLaunchTests.swift */,
			);
			path = SymbolGridUITests;
			sourceTree = "<group>";
		};
/* End PBXGroup section */

/* Begin PBXNativeTarget section */
		C68C28DE2B1DDD5300733138 /* SymbolGrid */ = {
			isa = PBXNativeTarget;
			buildConfigurationList = C68C29042B1DDD5500733138 /* Build configuration list for PBXNativeTarget "SymbolGrid" */;
			buildPhases = (
				C68C28DB2B1DDD5300733138 /* Sources */,
				C68C28DC2B1DDD5300733138 /* Frameworks */,
				C68C28DD2B1DDD5300733138 /* Resources */,
			);
			buildRules = (
			);
			dependencies = (
			);
			name = SymbolGrid;
			productName = SymbolGrid;
			productReference = C68C28DF2B1DDD5300733138 /* SymbolGrid.app */;
			productType = "com.apple.product-type.application";
		};
		C68C28EF2B1DDD5500733138 /* SymbolGridTests */ = {
			isa = PBXNativeTarget;
			buildConfigurationList = C68C29072B1DDD5500733138 /* Build configuration list for PBXNativeTarget "SymbolGridTests" */;
			buildPhases = (
				C68C28EC2B1DDD5500733138 /* Sources */,
				C68C28ED2B1DDD5500733138 /* Frameworks */,
				C68C28EE2B1DDD5500733138 /* Resources */,
			);
			buildRules = (
			);
			dependencies = (
				C68C28F22B1DDD5500733138 /* PBXTargetDependency */,
			);
			name = SymbolGridTests;
			productName = SymbolGridTests;
			productReference = C68C28F02B1DDD5500733138 /* SymbolGridTests.xctest */;
			productType = "com.apple.product-type.bundle.unit-test";
		};
		C68C28F92B1DDD5500733138 /* SymbolGridUITests */ = {
			isa = PBXNativeTarget;
			buildConfigurationList = C68C290A2B1DDD5500733138 /* Build configuration list for PBXNativeTarget "SymbolGridUITests" */;
			buildPhases = (
				C68C28F62B1DDD5500733138 /* Sources */,
				C68C28F72B1DDD5500733138 /* Frameworks */,
				C68C28F82B1DDD5500733138 /* Resources */,
			);
			buildRules = (
			);
			dependencies = (
				C68C28FC2B1DDD5500733138 /* PBXTargetDependency */,
			);
			name = SymbolGridUITests;
			productName = SymbolGridUITests;
			productReference = C68C28FA2B1DDD5500733138 /* SymbolGridUITests.xctest */;
			productType = "com.apple.product-type.bundle.ui-testing";
		};
/* End PBXNativeTarget section */

/* Begin PBXProject section */
		C68C28D72B1DDD5300733138 /* Project object */ = {
			isa = PBXProject;
			attributes = {
				BuildIndependentTargetsInParallel = 1;
				LastSwiftUpdateCheck = 1500;
				LastUpgradeCheck = 1500;
				TargetAttributes = {
					C68C28DE2B1DDD5300733138 = {
						CreatedOnToolsVersion = 15.0.1;
					};
					C68C28EF2B1DDD5500733138 = {
						CreatedOnToolsVersion = 15.0.1;
						TestTargetID = C68C28DE2B1DDD5300733138;
					};
					C68C28F92B1DDD5500733138 = {
						CreatedOnToolsVersion = 15.0.1;
						TestTargetID = C68C28DE2B1DDD5300733138;
					};
				};
			};
			buildConfigurationList = C68C28DA2B1DDD5300733138 /* Build configuration list for PBXProject "SymbolGrid" */;
			compatibilityVersion = "Xcode 14.0";
			developmentRegion = en;
			hasScannedForEncodings = 0;
			knownRegions = (
				en,
				Base,
			);
			mainGroup = C68C28D62B1DDD5300733138;
			productRefGroup = C68C28E02B1DDD5300733138 /* Products */;
			projectDirPath = "";
			projectRoot = "";
			targets = (
				C68C28DE2B1DDD5300733138 /* SymbolGrid */,
				C68C28EF2B1DDD5500733138 /* SymbolGridTests */,
				C68C28F92B1DDD5500733138 /* SymbolGridUITests */,
			);
		};
/* End PBXProject section */

/* Begin PBXResourcesBuildPhase section */
		C68C28DD2B1DDD5300733138 /* Resources */ = {
			isa = PBXResourcesBuildPhase;
			buildActionMask = 2147483647;
			files = (
				C68C28EB2B1DDD5500733138 /* Preview Assets.xcassets in Resources */,
				C68C28E72B1DDD5500733138 /* Assets.xcassets in Resources */,
			);
			runOnlyForDeploymentPostprocessing = 0;
		};
		C68C28EE2B1DDD5500733138 /* Resources */ = {
			isa = PBXResourcesBuildPhase;
			buildActionMask = 2147483647;
			files = (
			);
			runOnlyForDeploymentPostprocessing = 0;
		};
		C68C28F82B1DDD5500733138 /* Resources */ = {
			isa = PBXResourcesBuildPhase;
			buildActionMask = 2147483647;
			files = (
			);
			runOnlyForDeploymentPostprocessing = 0;
		};
/* End PBXResourcesBuildPhase section */

/* Begin PBXSourcesBuildPhase section */
		C68C28DB2B1DDD5300733138 /* Sources */ = {
			isa = PBXSourcesBuildPhase;
			buildActionMask = 2147483647;
			files = (
				C68C28E32B1DDD5300733138 /* SymbolGridApp.swift in Sources */,
				C68C29122B1DDDBE00733138 /* SymbolGrid.swift in Sources */,
				C68C29142B1DDE8E00733138 /* SymbolPicker.swift in Sources */,
				C68C29102B1DDDA100733138 /* SymbolDetail.swift in Sources */,
				C68C290E2B1DDD8000733138 /* Symbol.swift in Sources */,
			);
			runOnlyForDeploymentPostprocessing = 0;
		};
		C68C28EC2B1DDD5500733138 /* Sources */ = {
			isa = PBXSourcesBuildPhase;
			buildActionMask = 2147483647;
			files = (
				C68C28F52B1DDD5500733138 /* SymbolGridTests.swift in Sources */,
			);
			runOnlyForDeploymentPostprocessing = 0;
		};
		C68C28F62B1DDD5500733138 /* Sources */ = {
			isa = PBXSourcesBuildPhase;
			buildActionMask = 2147483647;
			files = (
				C68C29012B1DDD5500733138 /* SymbolGridUITestsLaunchTests.swift in Sources */,
				C68C28FF2B1DDD5500733138 /* SymbolGridUITests.swift in Sources */,
			);
			runOnlyForDeploymentPostprocessing = 0;
		};
/* End PBXSourcesBuildPhase section */

/* Begin PBXTargetDependency section */
		C68C28F22B1DDD5500733138 /* PBXTargetDependency */ = {
			isa = PBXTargetDependency;
			target = C68C28DE2B1DDD5300733138 /* SymbolGrid */;
			targetProxy = C68C28F12B1DDD5500733138 /* PBXContainerItemProxy */;
		};
		C68C28FC2B1DDD5500733138 /* PBXTargetDependency */ = {
			isa = PBXTargetDependency;
			target = C68C28DE2B1DDD5300733138 /* SymbolGrid */;
			targetProxy = C68C28FB2B1DDD5500733138 /* PBXContainerItemProxy */;
		};
/* End PBXTargetDependency section */

/* Begin XCBuildConfiguration section */
		C68C29022B1DDD5500733138 /* Debug */ = {
			isa = XCBuildConfiguration;
			buildSettings = {
				ALWAYS_SEARCH_USER_PATHS = NO;
				ASSETCATALOG_COMPILER_GENERATE_SWIFT_ASSET_SYMBOL_EXTENSIONS = YES;
				CLANG_ANALYZER_NONNULL = YES;
				CLANG_ANALYZER_NUMBER_OBJECT_CONVERSION = YES_AGGRESSIVE;
				CLANG_CXX_LANGUAGE_STANDARD = "gnu++20";
				CLANG_ENABLE_MODULES = YES;
				CLANG_ENABLE_OBJC_ARC = YES;
				CLANG_ENABLE_OBJC_WEAK = YES;
				CLANG_WARN_BLOCK_CAPTURE_AUTORELEASING = YES;
				CLANG_WARN_BOOL_CONVERSION = YES;
				CLANG_WARN_COMMA = YES;
				CLANG_WARN_CONSTANT_CONVERSION = YES;
				CLANG_WARN_DEPRECATED_OBJC_IMPLEMENTATIONS = YES;
				CLANG_WARN_DIRECT_OBJC_ISA_USAGE = YES_ERROR;
				CLANG_WARN_DOCUMENTATION_COMMENTS = YES;
				CLANG_WARN_EMPTY_BODY = YES;
				CLANG_WARN_ENUM_CONVERSION = YES;
				CLANG_WARN_INFINITE_RECURSION = YES;
				CLANG_WARN_INT_CONVERSION = YES;
				CLANG_WARN_NON_LITERAL_NULL_CONVERSION = YES;
				CLANG_WARN_OBJC_IMPLICIT_RETAIN_SELF = YES;
				CLANG_WARN_OBJC_LITERAL_CONVERSION = YES;
				CLANG_WARN_OBJC_ROOT_CLASS = YES_ERROR;
				CLANG_WARN_QUOTED_INCLUDE_IN_FRAMEWORK_HEADER = YES;
				CLANG_WARN_RANGE_LOOP_ANALYSIS = YES;
				CLANG_WARN_STRICT_PROTOTYPES = YES;
				CLANG_WARN_SUSPICIOUS_MOVE = YES;
				CLANG_WARN_UNGUARDED_AVAILABILITY = YES_AGGRESSIVE;
				CLANG_WARN_UNREACHABLE_CODE = YES;
				CLANG_WARN__DUPLICATE_METHOD_MATCH = YES;
				COPY_PHASE_STRIP = NO;
				DEBUG_INFORMATION_FORMAT = dwarf;
				ENABLE_STRICT_OBJC_MSGSEND = YES;
				ENABLE_TESTABILITY = YES;
				ENABLE_USER_SCRIPT_SANDBOXING = YES;
				GCC_C_LANGUAGE_STANDARD = gnu17;
				GCC_DYNAMIC_NO_PIC = NO;
				GCC_NO_COMMON_BLOCKS = YES;
				GCC_OPTIMIZATION_LEVEL = 0;
				GCC_PREPROCESSOR_DEFINITIONS = (
					"DEBUG=1",
					"$(inherited)",
				);
				GCC_WARN_64_TO_32_BIT_CONVERSION = YES;
				GCC_WARN_ABOUT_RETURN_TYPE = YES_ERROR;
				GCC_WARN_UNDECLARED_SELECTOR = YES;
				GCC_WARN_UNINITIALIZED_AUTOS = YES_AGGRESSIVE;
				GCC_WARN_UNUSED_FUNCTION = YES;
				GCC_WARN_UNUSED_VARIABLE = YES;
				LOCALIZATION_PREFERS_STRING_CATALOGS = YES;
				MTL_ENABLE_DEBUG_INFO = INCLUDE_SOURCE;
				MTL_FAST_MATH = YES;
				ONLY_ACTIVE_ARCH = YES;
				SWIFT_ACTIVE_COMPILATION_CONDITIONS = "DEBUG $(inherited)";
				SWIFT_OPTIMIZATION_LEVEL = "-Onone";
			};
			name = Debug;
		};
		C68C29032B1DDD5500733138 /* Release */ = {
			isa = XCBuildConfiguration;
			buildSettings = {
				ALWAYS_SEARCH_USER_PATHS = NO;
				ASSETCATALOG_COMPILER_GENERATE_SWIFT_ASSET_SYMBOL_EXTENSIONS = YES;
				CLANG_ANALYZER_NONNULL = YES;
				CLANG_ANALYZER_NUMBER_OBJECT_CONVERSION = YES_AGGRESSIVE;
				CLANG_CXX_LANGUAGE_STANDARD = "gnu++20";
				CLANG_ENABLE_MODULES = YES;
				CLANG_ENABLE_OBJC_ARC = YES;
				CLANG_ENABLE_OBJC_WEAK = YES;
				CLANG_WARN_BLOCK_CAPTURE_AUTORELEASING = YES;
				CLANG_WARN_BOOL_CONVERSION = YES;
				CLANG_WARN_COMMA = YES;
				CLANG_WARN_CONSTANT_CONVERSION = YES;
				CLANG_WARN_DEPRECATED_OBJC_IMPLEMENTATIONS = YES;
				CLANG_WARN_DIRECT_OBJC_ISA_USAGE = YES_ERROR;
				CLANG_WARN_DOCUMENTATION_COMMENTS = YES;
				CLANG_WARN_EMPTY_BODY = YES;
				CLANG_WARN_ENUM_CONVERSION = YES;
				CLANG_WARN_INFINITE_RECURSION = YES;
				CLANG_WARN_INT_CONVERSION = YES;
				CLANG_WARN_NON_LITERAL_NULL_CONVERSION = YES;
				CLANG_WARN_OBJC_IMPLICIT_RETAIN_SELF = YES;
				CLANG_WARN_OBJC_LITERAL_CONVERSION = YES;
				CLANG_WARN_OBJC_ROOT_CLASS = YES_ERROR;
				CLANG_WARN_QUOTED_INCLUDE_IN_FRAMEWORK_HEADER = YES;
				CLANG_WARN_RANGE_LOOP_ANALYSIS = YES;
				CLANG_WARN_STRICT_PROTOTYPES = YES;
				CLANG_WARN_SUSPICIOUS_MOVE = YES;
				CLANG_WARN_UNGUARDED_AVAILABILITY = YES_AGGRESSIVE;
				CLANG_WARN_UNREACHABLE_CODE = YES;
				CLANG_WARN__DUPLICATE_METHOD_MATCH = YES;
				COPY_PHASE_STRIP = NO;
				DEBUG_INFORMATION_FORMAT = "dwarf-with-dsym";
				ENABLE_NS_ASSERTIONS = NO;
				ENABLE_STRICT_OBJC_MSGSEND = YES;
				ENABLE_USER_SCRIPT_SANDBOXING = YES;
				GCC_C_LANGUAGE_STANDARD = gnu17;
				GCC_NO_COMMON_BLOCKS = YES;
				GCC_WARN_64_TO_32_BIT_CONVERSION = YES;
				GCC_WARN_ABOUT_RETURN_TYPE = YES_ERROR;
				GCC_WARN_UNDECLARED_SELECTOR = YES;
				GCC_WARN_UNINITIALIZED_AUTOS = YES_AGGRESSIVE;
				GCC_WARN_UNUSED_FUNCTION = YES;
				GCC_WARN_UNUSED_VARIABLE = YES;
				LOCALIZATION_PREFERS_STRING_CATALOGS = YES;
				MTL_ENABLE_DEBUG_INFO = NO;
				MTL_FAST_MATH = YES;
				SWIFT_COMPILATION_MODE = wholemodule;
			};
			name = Release;
		};
		C68C29052B1DDD5500733138 /* Debug */ = {
			isa = XCBuildConfiguration;
			buildSettings = {
				ASSETCATALOG_COMPILER_APPICON_NAME = AppIcon;
				ASSETCATALOG_COMPILER_GLOBAL_ACCENT_COLOR_NAME = AccentColor;
				CODE_SIGN_ENTITLEMENTS = SymbolGrid/SymbolGrid.entitlements;
				CODE_SIGN_STYLE = Automatic;
				CURRENT_PROJECT_VERSION = 1;
				DEVELOPMENT_ASSET_PATHS = "\"SymbolGrid/Preview Content\"";
				ENABLE_PREVIEWS = YES;
				GENERATE_INFOPLIST_FILE = YES;
				"INFOPLIST_KEY_UIApplicationSceneManifest_Generation[sdk=iphoneos*]" = YES;
				"INFOPLIST_KEY_UIApplicationSceneManifest_Generation[sdk=iphonesimulator*]" = YES;
				"INFOPLIST_KEY_UIApplicationSupportsIndirectInputEvents[sdk=iphoneos*]" = YES;
				"INFOPLIST_KEY_UIApplicationSupportsIndirectInputEvents[sdk=iphonesimulator*]" = YES;
				"INFOPLIST_KEY_UILaunchScreen_Generation[sdk=iphoneos*]" = YES;
				"INFOPLIST_KEY_UILaunchScreen_Generation[sdk=iphonesimulator*]" = YES;
				"INFOPLIST_KEY_UIStatusBarStyle[sdk=iphoneos*]" = UIStatusBarStyleDefault;
				"INFOPLIST_KEY_UIStatusBarStyle[sdk=iphonesimulator*]" = UIStatusBarStyleDefault;
				INFOPLIST_KEY_UISupportedInterfaceOrientations_iPad = "UIInterfaceOrientationPortrait UIInterfaceOrientationPortraitUpsideDown UIInterfaceOrientationLandscapeLeft UIInterfaceOrientationLandscapeRight";
				INFOPLIST_KEY_UISupportedInterfaceOrientations_iPhone = "UIInterfaceOrientationPortrait UIInterfaceOrientationLandscapeLeft UIInterfaceOrientationLandscapeRight";
				IPHONEOS_DEPLOYMENT_TARGET = 17.0;
				LD_RUNPATH_SEARCH_PATHS = "@executable_path/Frameworks";
				"LD_RUNPATH_SEARCH_PATHS[sdk=macosx*]" = "@executable_path/../Frameworks";
				MACOSX_DEPLOYMENT_TARGET = 14.0;
				MARKETING_VERSION = 1.0;
				PRODUCT_BUNDLE_IDENTIFIER = com.example.SymbolGrid;
				PRODUCT_NAME = "$(TARGET_NAME)";
				SDKROOT = auto;
				SUPPORTED_PLATFORMS = "iphoneos iphonesimulator macosx";
				SWIFT_EMIT_LOC_STRINGS = YES;
				SWIFT_VERSION = 5.0;
				TARGETED_DEVICE_FAMILY = "1,2";
			};
			name = Debug;
		};
		C68C29062B1DDD5500733138 /* Release */ = {
			isa = XCBuildConfiguration;
			buildSettings = {
				ASSETCATALOG_COMPILER_APPICON_NAME = AppIcon;
				ASSETCATALOG_COMPILER_GLOBAL_ACCENT_COLOR_NAME = AccentColor;
				CODE_SIGN_ENTITLEMENTS = SymbolGrid/SymbolGrid.entitlements;
				CODE_SIGN_STYLE = Automatic;
				CURRENT_PROJECT_VERSION = 1;
				DEVELOPMENT_ASSET_PATHS = "\"SymbolGrid/Preview Content\"";
				ENABLE_PREVIEWS = YES;
				GENERATE_INFOPLIST_FILE = YES;
				"INFOPLIST_KEY_UIApplicationSceneManifest_Generation[sdk=iphoneos*]" = YES;
				"INFOPLIST_KEY_UIApplicationSceneManifest_Generation[sdk=iphonesimulator*]" = YES;
				"INFOPLIST_KEY_UIApplicationSupportsIndirectInputEvents[sdk=iphoneos*]" = YES;
				"INFOPLIST_KEY_UIApplicationSupportsIndirectInputEvents[sdk=iphonesimulator*]" = YES;
				"INFOPLIST_KEY_UILaunchScreen_Generation[sdk=iphoneos*]" = YES;
				"INFOPLIST_KEY_UILaunchScreen_Generation[sdk=iphonesimulator*]" = YES;
				"INFOPLIST_KEY_UIStatusBarStyle[sdk=iphoneos*]" = UIStatusBarStyleDefault;
				"INFOPLIST_KEY_UIStatusBarStyle[sdk=iphonesimulator*]" = UIStatusBarStyleDefault;
				INFOPLIST_KEY_UISupportedInterfaceOrientations_iPad = "UIInterfaceOrientationPortrait UIInterfaceOrientationPortraitUpsideDown UIInterfaceOrientationLandscapeLeft UIInterfaceOrientationLandscapeRight";
				INFOPLIST_KEY_UISupportedInterfaceOrientations_iPhone = "UIInterfaceOrientationPortrait UIInterfaceOrientationLandscapeLeft UIInterfaceOrientationLandscapeRight";
				IPHONEOS_DEPLOYMENT_TARGET = 17.0;
				LD_RUNPATH_SEARCH_PATHS = "@executable_path/Frameworks";
				"LD_RUNPATH_SEARCH_PATHS[sdk=macosx*]" = "@executable_path/../Frameworks";
				MACOSX_DEPLOYMENT_TARGET = 14.0;
				MARKETING_VERSION = 1.0;
				PRODUCT_BUNDLE_IDENTIFIER = com.example.SymbolGrid;
				PRODUCT_NAME = "$(TARGET_NAME)";
				SDKROOT = auto;
				SUPPORTED_PLATFORMS = "iphoneos iphonesimulator macosx";
				SWIFT_EMIT_LOC_STRINGS = YES;
				SWIFT_VERSION = 5.0;
				TARGETED_DEVICE_FAMILY = "1,2";
			};
			name = Release;
		};
		C68C29082B1DDD5500733138 /* Debug */ = {
			isa = XCBuildConfiguration;
			buildSettings = {
				ALWAYS_EMBED_SWIFT_STANDARD_LIBRARIES = YES;
				BUNDLE_LOADER = "$(TEST_HOST)";
				CODE_SIGN_STYLE = Automatic;
				CURRENT_PROJECT_VERSION = 1;
				GENERATE_INFOPLIST_FILE = YES;
				IPHONEOS_DEPLOYMENT_TARGET = 17.0;
				MACOSX_DEPLOYMENT_TARGET = 14.0;
				MARKETING_VERSION = 1.0;
				PRODUCT_BUNDLE_IDENTIFIER = com.example.SymbolGridTests;
				PRODUCT_NAME = "$(TARGET_NAME)";
				SDKROOT = auto;
				SUPPORTED_PLATFORMS = "iphoneos iphonesimulator macosx";
				SWIFT_EMIT_LOC_STRINGS = NO;
				SWIFT_VERSION = 5.0;
				TARGETED_DEVICE_FAMILY = "1,2";
				TEST_HOST = "$(BUILT_PRODUCTS_DIR)/SymbolGrid.app/$(BUNDLE_EXECUTABLE_FOLDER_PATH)/SymbolGrid";
			};
			name = Debug;
		};
		C68C29092B1DDD5500733138 /* Release */ = {
			isa = XCBuildConfiguration;
			buildSettings = {
				ALWAYS_EMBED_SWIFT_STANDARD_LIBRARIES = YES;
				BUNDLE_LOADER = "$(TEST_HOST)";
				CODE_SIGN_STYLE = Automatic;
				CURRENT_PROJECT_VERSION = 1;
				GENERATE_INFOPLIST_FILE = YES;
				IPHONEOS_DEPLOYMENT_TARGET = 17.0;
				MACOSX_DEPLOYMENT_TARGET = 14.0;
				MARKETING_VERSION = 1.0;
				PRODUCT_BUNDLE_IDENTIFIER = com.example.SymbolGridTests;
				PRODUCT_NAME = "$(TARGET_NAME)";
				SDKROOT = auto;
				SUPPORTED_PLATFORMS = "iphoneos iphonesimulator macosx";
				SWIFT_EMIT_LOC_STRINGS = NO;
				SWIFT_VERSION = 5.0;
				TARGETED_DEVICE_FAMILY = "1,2";
				TEST_HOST = "$(BUILT_PRODUCTS_DIR)/SymbolGrid.app/$(BUNDLE_EXECUTABLE_FOLDER_PATH)/SymbolGrid";
			};
			name = Release;
		};
		C68C290B2B1DDD5500733138 /* Debug */ = {
			isa = XCBuildConfiguration;
			buildSettings = {
				ALWAYS_EMBED_SWIFT_STANDARD_LIBRARIES = YES;
				CODE_SIGN_STYLE = Automatic;
				CURRENT_PROJECT_VERSION = 1;
				GENERATE_INFOPLIST_FILE = YES;
				IPHONEOS_DEPLOYMENT_TARGET = 17.0;
				MACOSX_DEPLOYMENT_TARGET = 14.0;
				MARKETING_VERSION = 1.0;
				PRODUCT_BUNDLE_IDENTIFIER = com.example.SymbolGridUITests;
				PRODUCT_NAME = "$(TARGET_NAME)";
				SDKROOT = auto;
				SUPPORTED_PLATFORMS = "iphoneos iphonesimulator macosx";
				SWIFT_EMIT_LOC_STRINGS = NO;
				SWIFT_VERSION = 5.0;
				TARGETED_DEVICE_FAMILY = "1,2";
				TEST_TARGET_NAME = SymbolGrid;
			};
			name = Debug;
		};
		C68C290C2B1DDD5500733138 /* Release */ = {
			isa = XCBuildConfiguration;
			buildSettings = {
				ALWAYS_EMBED_SWIFT_STANDARD_LIBRARIES = YES;
				CODE_SIGN_STYLE = Automatic;
				CURRENT_PROJECT_VERSION = 1;
				GENERATE_INFOPLIST_FILE = YES;
				IPHONEOS_DEPLOYMENT_TARGET = 17.0;
				MACOSX_DEPLOYMENT_TARGET = 14.0;
				MARKETING_VERSION = 1.0;
				PRODUCT_BUNDLE_IDENTIFIER = com.example.SymbolGridUITests;
				PRODUCT_NAME = "$(TARGET_NAME)";
				SDKROOT = auto;
				SUPPORTED_PLATFORMS = "iphoneos iphonesimulator macosx";
				SWIFT_EMIT_LOC_STRINGS = NO;
				SWIFT_VERSION = 5.0;
				TARGETED_DEVICE_FAMILY = "1,2";
				TEST_TARGET_NAME = SymbolGrid;
			};
			name = Release;
		};
/* End XCBuildConfiguration section */

/* Begin XCConfigurationList section */
		C68C28DA2B1DDD5300733138 /* Build configuration list for PBXProject "SymbolGrid" */ = {
			isa = XCConfigurationList;
			buildConfigurations = (
				C68C29022B1DDD5500733138 /* Debug */,
				C68C29032B1DDD5500733138 /* Release */,
			);
			defaultConfigurationIsVisible = 0;
			defaultConfigurationName = Release;
		};
		C68C29042B1DDD5500733138 /* Build configuration list for PBXNativeTarget "SymbolGrid" */ = {
			isa = XCConfigurationList;
			buildConfigurations = (
				C68C29052B1DDD5500733138 /* Debug */,
				C68C29062B1DDD5500733138 /* Release */,
			);
			defaultConfigurationIsVisible = 0;
			defaultConfigurationName = Release;
		};
		C68C29072B1DDD5500733138 /* Build configuration list for PBXNativeTarget "SymbolGridTests" */ = {
			isa = XCConfigurationList;
			buildConfigurations = (
				C68C29082B1DDD5500733138 /* Debug */,
				C68C29092B1DDD5500733138 /* Release */,
			);
			defaultConfigurationIsVisible = 0;
			defaultConfigurationName = Release;
		};
		C68C290A2B1DDD5500733138 /* Build configuration list for PBXNativeTarget "SymbolGridUITests" */ = {
			isa = XCConfigurationList;
			buildConfigurations = (
				C68C290B2B1DDD5500733138 /* Debug */,
				C68C290C2B1DDD5500733138 /* Release */,
			);
			defaultConfigurationIsVisible = 0;
			defaultConfigurationName = Release;
		};
/* End XCConfigurationList section */
	};
	rootObject = C68C28D72B1DDD5300733138 /* Project object */;
}
