// !$*UTF8*$!
{
	archiveVersion = 1;
	classes = {
	};
	objectVersion = 56;
	objects = {

/* Begin PBXBuildFile section */
		C68C28752B1DD9C500733138 /* OrganizingWithGridsApp.swift in Sources */ = {isa = PBXBuildFile; fileRef = C68C28742B1DD9C500733138 /* OrganizingWithGridsApp.swift */; };
		C68C28772B1DD9C500733138 /* ContentView.swift in Sources */ = {isa = PBXBuildFile; fileRef = C68C28762B1DD9C500733138 /* ContentView.swift */; };
		C68C28792B1DD9C700733138 /* Assets.xcassets in Resources */ = {isa = PBXBuildFile; fileRef = C68C28782B1DD9C700733138 /* Assets.xcassets */; };
		C68C287D2B1DD9C700733138 /* Preview Assets.xcassets in Resources */ = {isa = PBXBuildFile; fileRef = C68C287C2B1DD9C700733138 /* Preview Assets.xcassets */; };
		C68C28872B1DD9C700733138 /* OrganizingWithGridsTests.swift in Sources */ = {isa = PBXBuildFile; fileRef = C68C28862B1DD9C700733138 /* OrganizingWithGridsTests.swift */; };
		C68C28912B1DD9C700733138 /* OrganizingWithGridsUITests.swift in Sources */ = {isa = PBXBuildFile; fileRef = C68C28902B1DD9C700733138 /* OrganizingWithGridsUITests.swift */; };
		C68C28932B1DD9C700733138 /* OrganizingWithGridsUITestsLaunchTests.swift in Sources */ = {isa = PBXBuildFile; fileRef = C68C28922B1DD9C700733138 /* OrganizingWithGridsUITestsLaunchTests.swift */; };
/* End PBXBuildFile section */

/* Begin PBXContainerItemProxy section */
		C68C28832B1DD9C700733138 /* PBXContainerItemProxy */ = {
			isa = PBXContainerItemProxy;
			containerPortal = C68C28692B1DD9C500733138 /* Project object */;
			proxyType = 1;
			remoteGlobalIDString = C68C28702B1DD9C500733138;
			remoteInfo = OrganizingWithGrids;
		};
		C68C288D2B1DD9C700733138 /* PBXContainerItemProxy */ = {
			isa = PBXContainerItemProxy;
			containerPortal = C68C28692B1DD9C500733138 /* Project object */;
			proxyType = 1;
			remoteGlobalIDString = C68C28702B1DD9C500733138;
			remoteInfo = OrganizingWithGrids;
		};
/* End PBXContainerItemProxy section */

/* Begin PBXFileReference section */
		C68C28712B1DD9C500733138 /* OrganizingWithGrids.app */ = {isa = PBXFileReference; explicitFileType = wrapper.application; includeInIndex = 0; path = OrganizingWithGrids.app; sourceTree = BUILT_PRODUCTS_DIR; };
		C68C28742B1DD9C500733138 /* OrganizingWithGridsApp.swift */ = {isa = PBXFileReference; lastKnownFileType = sourcecode.swift; path = OrganizingWithGridsApp.swift; sourceTree = "<group>"; };
		C68C28762B1DD9C500733138 /* ContentView.swift */ = {isa = PBXFileReference; lastKnownFileType = sourcecode.swift; path = ContentView.swift; sourceTree = "<group>"; };
		C68C28782B1DD9C700733138 /* Assets.xcassets */ = {isa = PBXFileReference; lastKnownFileType = folder.assetcatalog; path = Assets.xcassets; sourceTree = "<group>"; };
		C68C287A2B1DD9C700733138 /* OrganizingWithGrids.entitlements */ = {isa = PBXFileReference; lastKnownFileType = text.plist.entitlements; path = OrganizingWithGrids.entitlements; sourceTree = "<group>"; };
		C68C287C2B1DD9C700733138 /* Preview Assets.xcassets */ = {isa = PBXFileReference; lastKnownFileType = folder.assetcatalog; path = "Preview Assets.xcassets"; sourceTree = "<group>"; };
		C68C28822B1DD9C700733138 /* OrganizingWithGridsTests.xctest */ = {isa = PBXFileReference; explicitFileType = wrapper.cfbundle; includeInIndex = 0; path = OrganizingWithGridsTests.xctest; sourceTree = BUILT_PRODUCTS_DIR; };
		C68C28862B1DD9C700733138 /* OrganizingWithGridsTests.swift */ = {isa = PBXFileReference; lastKnownFileType = sourcecode.swift; path = OrganizingWithGridsTests.swift; sourceTree = "<group>"; };
		C68C288C2B1DD9C700733138 /* OrganizingWithGridsUITests.xctest */ = {isa = PBXFileReference; explicitFileType = wrapper.cfbundle; includeInIndex = 0; path = OrganizingWithGridsUITests.xctest; sourceTree = BUILT_PRODUCTS_DIR; };
		C68C28902B1DD9C700733138 /* OrganizingWithGridsUITests.swift */ = {isa = PBXFileReference; lastKnownFileType = sourcecode.swift; path = OrganizingWithGridsUITests.swift; sourceTree = "<group>"; };
		C68C28922B1DD9C700733138 /* OrganizingWithGridsUITestsLaunchTests.swift */ = {isa = PBXFileReference; lastKnownFileType = sourcecode.swift; path = OrganizingWithGridsUITestsLaunchTests.swift; sourceTree = "<group>"; };
/* End PBXFileReference section */

/* Begin PBXFrameworksBuildPhase section */
		C68C286E2B1DD9C500733138 /* Frameworks */ = {
			isa = PBXFrameworksBuildPhase;
			buildActionMask = 2147483647;
			files = (
			);
			runOnlyForDeploymentPostprocessing = 0;
		};
		C68C287F2B1DD9C700733138 /* Frameworks */ = {
			isa = PBXFrameworksBuildPhase;
			buildActionMask = 2147483647;
			files = (
			);
			runOnlyForDeploymentPostprocessing = 0;
		};
		C68C28892B1DD9C700733138 /* Frameworks */ = {
			isa = PBXFrameworksBuildPhase;
			buildActionMask = 2147483647;
			files = (
			);
			runOnlyForDeploymentPostprocessing = 0;
		};
/* End PBXFrameworksBuildPhase section */

/* Begin PBXGroup section */
		C68C28682B1DD9C500733138 = {
			isa = PBXGroup;
			children = (
				C68C28732B1DD9C500733138 /* OrganizingWithGrids */,
				C68C28852B1DD9C700733138 /* OrganizingWithGridsTests */,
				C68C288F2B1DD9C700733138 /* OrganizingWithGridsUITests */,
				C68C28722B1DD9C500733138 /* Products */,
			);
			sourceTree = "<group>";
		};
		C68C28722B1DD9C500733138 /* Products */ = {
			isa = PBXGroup;
			children = (
				C68C28712B1DD9C500733138 /* OrganizingWithGrids.app */,
				C68C28822B1DD9C700733138 /* OrganizingWithGridsTests.xctest */,
				C68C288C2B1DD9C700733138 /* OrganizingWithGridsUITests.xctest */,
			);
			name = Products;
			sourceTree = "<group>";
		};
		C68C28732B1DD9C500733138 /* OrganizingWithGrids */ = {
			isa = PBXGroup;
			children = (
				C68C28742B1DD9C500733138 /* OrganizingWithGridsApp.swift */,
				C68C28762B1DD9C500733138 /* ContentView.swift */,
				C68C28782B1DD9C700733138 /* Assets.xcassets */,
				C68C287A2B1DD9C700733138 /* OrganizingWithGrids.entitlements */,
				C68C287B2B1DD9C700733138 /* Preview Content */,
			);
			path = OrganizingWithGrids;
			sourceTree = "<group>";
		};
		C68C287B2B1DD9C700733138 /* Preview Content */ = {
			isa = PBXGroup;
			children = (
				C68C287C2B1DD9C700733138 /* Preview Assets.xcassets */,
			);
			path = "Preview Content";
			sourceTree = "<group>";
		};
		C68C28852B1DD9C700733138 /* OrganizingWithGridsTests */ = {
			isa = PBXGroup;
			children = (
				C68C28862B1DD9C700733138 /* OrganizingWithGridsTests.swift */,
			);
			path = OrganizingWithGridsTests;
			sourceTree = "<group>";
		};
		C68C288F2B1DD9C700733138 /* OrganizingWithGridsUITests */ = {
			isa = PBXGroup;
			children = (
				C68C28902B1DD9C700733138 /* OrganizingWithGridsUITests.swift */,
				C68C28922B1DD9C700733138 /* OrganizingWithGridsUITestsLaunchTests.swift */,
			);
			path = OrganizingWithGridsUITests;
			sourceTree = "<group>";
		};
/* End PBXGroup section */

/* Begin PBXNativeTarget section */
		C68C28702B1DD9C500733138 /* OrganizingWithGrids */ = {
			isa = PBXNativeTarget;
			buildConfigurationList = C68C28962B1DD9C700733138 /* Build configuration list for PBXNativeTarget "OrganizingWithGrids" */;
			buildPhases = (
				C68C286D2B1DD9C500733138 /* Sources */,
				C68C286E2B1DD9C500733138 /* Frameworks */,
				C68C286F2B1DD9C500733138 /* Resources */,
			);
			buildRules = (
			);
			dependencies = (
			);
			name = OrganizingWithGrids;
			productName = OrganizingWithGrids;
			productReference = C68C28712B1DD9C500733138 /* OrganizingWithGrids.app */;
			productType = "com.apple.product-type.application";
		};
		C68C28812B1DD9C700733138 /* OrganizingWithGridsTests */ = {
			isa = PBXNativeTarget;
			buildConfigurationList = C68C28992B1DD9C700733138 /* Build configuration list for PBXNativeTarget "OrganizingWithGridsTests" */;
			buildPhases = (
				C68C287E2B1DD9C700733138 /* Sources */,
				C68C287F2B1DD9C700733138 /* Frameworks */,
				C68C28802B1DD9C700733138 /* Resources */,
			);
			buildRules = (
			);
			dependencies = (
				C68C28842B1DD9C700733138 /* PBXTargetDependency */,
			);
			name = OrganizingWithGridsTests;
			productName = OrganizingWithGridsTests;
			productReference = C68C28822B1DD9C700733138 /* OrganizingWithGridsTests.xctest */;
			productType = "com.apple.product-type.bundle.unit-test";
		};
		C68C288B2B1DD9C700733138 /* OrganizingWithGridsUITests */ = {
			isa = PBXNativeTarget;
			buildConfigurationList = C68C289C2B1DD9C700733138 /* Build configuration list for PBXNativeTarget "OrganizingWithGridsUITests" */;
			buildPhases = (
				C68C28882B1DD9C700733138 /* Sources */,
				C68C28892B1DD9C700733138 /* Frameworks */,
				C68C288A2B1DD9C700733138 /* Resources */,
			);
			buildRules = (
			);
			dependencies = (
				C68C288E2B1DD9C700733138 /* PBXTargetDependency */,
			);
			name = OrganizingWithGridsUITests;
			productName = OrganizingWithGridsUITests;
			productReference = C68C288C2B1DD9C700733138 /* OrganizingWithGridsUITests.xctest */;
			productType = "com.apple.product-type.bundle.ui-testing";
		};
/* End PBXNativeTarget section */

/* Begin PBXProject section */
		C68C28692B1DD9C500733138 /* Project object */ = {
			isa = PBXProject;
			attributes = {
				BuildIndependentTargetsInParallel = 1;
				LastSwiftUpdateCheck = 1500;
				LastUpgradeCheck = 1500;
				TargetAttributes = {
					C68C28702B1DD9C500733138 = {
						CreatedOnToolsVersion = 15.0.1;
					};
					C68C28812B1DD9C700733138 = {
						CreatedOnToolsVersion = 15.0.1;
						TestTargetID = C68C28702B1DD9C500733138;
					};
					C68C288B2B1DD9C700733138 = {
						CreatedOnToolsVersion = 15.0.1;
						TestTargetID = C68C28702B1DD9C500733138;
					};
				};
			};
			buildConfigurationList = C68C286C2B1DD9C500733138 /* Build configuration list for PBXProject "OrganizingWithGrids" */;
			compatibilityVersion = "Xcode 14.0";
			developmentRegion = en;
			hasScannedForEncodings = 0;
			knownRegions = (
				en,
				Base,
			);
			mainGroup = C68C28682B1DD9C500733138;
			productRefGroup = C68C28722B1DD9C500733138 /* Products */;
			projectDirPath = "";
			projectRoot = "";
			targets = (
				C68C28702B1DD9C500733138 /* OrganizingWithGrids */,
				C68C28812B1DD9C700733138 /* OrganizingWithGridsTests */,
				C68C288B2B1DD9C700733138 /* OrganizingWithGridsUITests */,
			);
		};
/* End PBXProject section */

/* Begin PBXResourcesBuildPhase section */
		C68C286F2B1DD9C500733138 /* Resources */ = {
			isa = PBXResourcesBuildPhase;
			buildActionMask = 2147483647;
			files = (
				C68C287D2B1DD9C700733138 /* Preview Assets.xcassets in Resources */,
				C68C28792B1DD9C700733138 /* Assets.xcassets in Resources */,
			);
			runOnlyForDeploymentPostprocessing = 0;
		};
		C68C28802B1DD9C700733138 /* Resources */ = {
			isa = PBXResourcesBuildPhase;
			buildActionMask = 2147483647;
			files = (
			);
			runOnlyForDeploymentPostprocessing = 0;
		};
		C68C288A2B1DD9C700733138 /* Resources */ = {
			isa = PBXResourcesBuildPhase;
			buildActionMask = 2147483647;
			files = (
			);
			runOnlyForDeploymentPostprocessing = 0;
		};
/* End PBXResourcesBuildPhase section */

/* Begin PBXSourcesBuildPhase section */
		C68C286D2B1DD9C500733138 /* Sources */ = {
			isa = PBXSourcesBuildPhase;
			buildActionMask = 2147483647;
			files = (
				C68C28772B1DD9C500733138 /* ContentView.swift in Sources */,
				C68C28752B1DD9C500733138 /* OrganizingWithGridsApp.swift in Sources */,
			);
			runOnlyForDeploymentPostprocessing = 0;
		};
		C68C287E2B1DD9C700733138 /* Sources */ = {
			isa = PBXSourcesBuildPhase;
			buildActionMask = 2147483647;
			files = (
				C68C28872B1DD9C700733138 /* OrganizingWithGridsTests.swift in Sources */,
			);
			runOnlyForDeploymentPostprocessing = 0;
		};
		C68C28882B1DD9C700733138 /* Sources */ = {
			isa = PBXSourcesBuildPhase;
			buildActionMask = 2147483647;
			files = (
				C68C28932B1DD9C700733138 /* OrganizingWithGridsUITestsLaunchTests.swift in Sources */,
				C68C28912B1DD9C700733138 /* OrganizingWithGridsUITests.swift in Sources */,
			);
			runOnlyForDeploymentPostprocessing = 0;
		};
/* End PBXSourcesBuildPhase section */

/* Begin PBXTargetDependency section */
		C68C28842B1DD9C700733138 /* PBXTargetDependency */ = {
			isa = PBXTargetDependency;
			target = C68C28702B1DD9C500733138 /* OrganizingWithGrids */;
			targetProxy = C68C28832B1DD9C700733138 /* PBXContainerItemProxy */;
		};
		C68C288E2B1DD9C700733138 /* PBXTargetDependency */ = {
			isa = PBXTargetDependency;
			target = C68C28702B1DD9C500733138 /* OrganizingWithGrids */;
			targetProxy = C68C288D2B1DD9C700733138 /* PBXContainerItemProxy */;
		};
/* End PBXTargetDependency section */

/* Begin XCBuildConfiguration section */
		C68C28942B1DD9C700733138 /* Debug */ = {
			isa = XCBuildConfiguration;
			buildSettings = {
				ALWAYS_SEARCH_USER_PATHS = NO;
				ASSETCATALOG_COMPILER_GENERATE_SWIFT_ASSET_SYMBOL_EXTENSIONS = YES;
				CLANG_ANALYZER_NONNULL = YES;
				CLANG_ANALYZER_NUMBER_OBJECT_CONVERSION = YES_AGGRESSIVE;
				CLANG_CXX_LANGUAGE_STANDARD = "gnu++20";
				CLANG_ENABLE_MODULES = YES;
				CLANG_ENABLE_OBJC_ARC = YES;
				CLANG_ENABLE_OBJC_WEAK = YES;
				CLANG_WARN_BLOCK_CAPTURE_AUTORELEASING = YES;
				CLANG_WARN_BOOL_CONVERSION = YES;
				CLANG_WARN_COMMA = YES;
				CLANG_WARN_CONSTANT_CONVERSION = YES;
				CLANG_WARN_DEPRECATED_OBJC_IMPLEMENTATIONS = YES;
				CLANG_WARN_DIRECT_OBJC_ISA_USAGE = YES_ERROR;
				CLANG_WARN_DOCUMENTATION_COMMENTS = YES;
				CLANG_WARN_EMPTY_BODY = YES;
				CLANG_WARN_ENUM_CONVERSION = YES;
				CLANG_WARN_INFINITE_RECURSION = YES;
				CLANG_WARN_INT_CONVERSION = YES;
				CLANG_WARN_NON_LITERAL_NULL_CONVERSION = YES;
				CLANG_WARN_OBJC_IMPLICIT_RETAIN_SELF = YES;
				CLANG_WARN_OBJC_LITERAL_CONVERSION = YES;
				CLANG_WARN_OBJC_ROOT_CLASS = YES_ERROR;
				CLANG_WARN_QUOTED_INCLUDE_IN_FRAMEWORK_HEADER = YES;
				CLANG_WARN_RANGE_LOOP_ANALYSIS = YES;
				CLANG_WARN_STRICT_PROTOTYPES = YES;
				CLANG_WARN_SUSPICIOUS_MOVE = YES;
				CLANG_WARN_UNGUARDED_AVAILABILITY = YES_AGGRESSIVE;
				CLANG_WARN_UNREACHABLE_CODE = YES;
				CLANG_WARN__DUPLICATE_METHOD_MATCH = YES;
				COPY_PHASE_STRIP = NO;
				DEBUG_INFORMATION_FORMAT = dwarf;
				ENABLE_STRICT_OBJC_MSGSEND = YES;
				ENABLE_TESTABILITY = YES;
				ENABLE_USER_SCRIPT_SANDBOXING = YES;
				GCC_C_LANGUAGE_STANDARD = gnu17;
				GCC_DYNAMIC_NO_PIC = NO;
				GCC_NO_COMMON_BLOCKS = YES;
				GCC_OPTIMIZATION_LEVEL = 0;
				GCC_PREPROCESSOR_DEFINITIONS = (
					"DEBUG=1",
					"$(inherited)",
				);
				GCC_WARN_64_TO_32_BIT_CONVERSION = YES;
				GCC_WARN_ABOUT_RETURN_TYPE = YES_ERROR;
				GCC_WARN_UNDECLARED_SELECTOR = YES;
				GCC_WARN_UNINITIALIZED_AUTOS = YES_AGGRESSIVE;
				GCC_WARN_UNUSED_FUNCTION = YES;
				GCC_WARN_UNUSED_VARIABLE = YES;
				LOCALIZATION_PREFERS_STRING_CATALOGS = YES;
				MTL_ENABLE_DEBUG_INFO = INCLUDE_SOURCE;
				MTL_FAST_MATH = YES;
				ONLY_ACTIVE_ARCH = YES;
				SWIFT_ACTIVE_COMPILATION_CONDITIONS = "DEBUG $(inherited)";
				SWIFT_OPTIMIZATION_LEVEL = "-Onone";
			};
			name = Debug;
		};
		C68C28952B1DD9C700733138 /* Release */ = {
			isa = XCBuildConfiguration;
			buildSettings = {
				ALWAYS_SEARCH_USER_PATHS = NO;
				ASSETCATALOG_COMPILER_GENERATE_SWIFT_ASSET_SYMBOL_EXTENSIONS = YES;
				CLANG_ANALYZER_NONNULL = YES;
				CLANG_ANALYZER_NUMBER_OBJECT_CONVERSION = YES_AGGRESSIVE;
				CLANG_CXX_LANGUAGE_STANDARD = "gnu++20";
				CLANG_ENABLE_MODULES = YES;
				CLANG_ENABLE_OBJC_ARC = YES;
				CLANG_ENABLE_OBJC_WEAK = YES;
				CLANG_WARN_BLOCK_CAPTURE_AUTORELEASING = YES;
				CLANG_WARN_BOOL_CONVERSION = YES;
				CLANG_WARN_COMMA = YES;
				CLANG_WARN_CONSTANT_CONVERSION = YES;
				CLANG_WARN_DEPRECATED_OBJC_IMPLEMENTATIONS = YES;
				CLANG_WARN_DIRECT_OBJC_ISA_USAGE = YES_ERROR;
				CLANG_WARN_DOCUMENTATION_COMMENTS = YES;
				CLANG_WARN_EMPTY_BODY = YES;
				CLANG_WARN_ENUM_CONVERSION = YES;
				CLANG_WARN_INFINITE_RECURSION = YES;
				CLANG_WARN_INT_CONVERSION = YES;
				CLANG_WARN_NON_LITERAL_NULL_CONVERSION = YES;
				CLANG_WARN_OBJC_IMPLICIT_RETAIN_SELF = YES;
				CLANG_WARN_OBJC_LITERAL_CONVERSION = YES;
				CLANG_WARN_OBJC_ROOT_CLASS = YES_ERROR;
				CLANG_WARN_QUOTED_INCLUDE_IN_FRAMEWORK_HEADER = YES;
				CLANG_WARN_RANGE_LOOP_ANALYSIS = YES;
				CLANG_WARN_STRICT_PROTOTYPES = YES;
				CLANG_WARN_SUSPICIOUS_MOVE = YES;
				CLANG_WARN_UNGUARDED_AVAILABILITY = YES_AGGRESSIVE;
				CLANG_WARN_UNREACHABLE_CODE = YES;
				CLANG_WARN__DUPLICATE_METHOD_MATCH = YES;
				COPY_PHASE_STRIP = NO;
				DEBUG_INFORMATION_FORMAT = "dwarf-with-dsym";
				ENABLE_NS_ASSERTIONS = NO;
				ENABLE_STRICT_OBJC_MSGSEND = YES;
				ENABLE_USER_SCRIPT_SANDBOXING = YES;
				GCC_C_LANGUAGE_STANDARD = gnu17;
				GCC_NO_COMMON_BLOCKS = YES;
				GCC_WARN_64_TO_32_BIT_CONVERSION = YES;
				GCC_WARN_ABOUT_RETURN_TYPE = YES_ERROR;
				GCC_WARN_UNDECLARED_SELECTOR = YES;
				GCC_WARN_UNINITIALIZED_AUTOS = YES_AGGRESSIVE;
				GCC_WARN_UNUSED_FUNCTION = YES;
				GCC_WARN_UNUSED_VARIABLE = YES;
				LOCALIZATION_PREFERS_STRING_CATALOGS = YES;
				MTL_ENABLE_DEBUG_INFO = NO;
				MTL_FAST_MATH = YES;
				SWIFT_COMPILATION_MODE = wholemodule;
			};
			name = Release;
		};
		C68C28972B1DD9C700733138 /* Debug */ = {
			isa = XCBuildConfiguration;
			buildSettings = {
				ASSETCATALOG_COMPILER_APPICON_NAME = AppIcon;
				ASSETCATALOG_COMPILER_GLOBAL_ACCENT_COLOR_NAME = AccentColor;
				CODE_SIGN_ENTITLEMENTS = OrganizingWithGrids/OrganizingWithGrids.entitlements;
				CODE_SIGN_STYLE = Automatic;
				CURRENT_PROJECT_VERSION = 1;
				DEVELOPMENT_ASSET_PATHS = "\"OrganizingWithGrids/Preview Content\"";
				ENABLE_PREVIEWS = YES;
				GENERATE_INFOPLIST_FILE = YES;
				"INFOPLIST_KEY_UIApplicationSceneManifest_Generation[sdk=iphoneos*]" = YES;
				"INFOPLIST_KEY_UIApplicationSceneManifest_Generation[sdk=iphonesimulator*]" = YES;
				"INFOPLIST_KEY_UIApplicationSupportsIndirectInputEvents[sdk=iphoneos*]" = YES;
				"INFOPLIST_KEY_UIApplicationSupportsIndirectInputEvents[sdk=iphonesimulator*]" = YES;
				"INFOPLIST_KEY_UILaunchScreen_Generation[sdk=iphoneos*]" = YES;
				"INFOPLIST_KEY_UILaunchScreen_Generation[sdk=iphonesimulator*]" = YES;
				"INFOPLIST_KEY_UIStatusBarStyle[sdk=iphoneos*]" = UIStatusBarStyleDefault;
				"INFOPLIST_KEY_UIStatusBarStyle[sdk=iphonesimulator*]" = UIStatusBarStyleDefault;
				INFOPLIST_KEY_UISupportedInterfaceOrientations_iPad = "UIInterfaceOrientationPortrait UIInterfaceOrientationPortraitUpsideDown UIInterfaceOrientationLandscapeLeft UIInterfaceOrientationLandscapeRight";
				INFOPLIST_KEY_UISupportedInterfaceOrientations_iPhone = "UIInterfaceOrientationPortrait UIInterfaceOrientationLandscapeLeft UIInterfaceOrientationLandscapeRight";
				IPHONEOS_DEPLOYMENT_TARGET = 17.0;
				LD_RUNPATH_SEARCH_PATHS = "@executable_path/Frameworks";
				"LD_RUNPATH_SEARCH_PATHS[sdk=macosx*]" = "@executable_path/../Frameworks";
				MACOSX_DEPLOYMENT_TARGET = 14.0;
				MARKETING_VERSION = 1.0;
				PRODUCT_BUNDLE_IDENTIFIER = com.example.OrganizingWithGrids;
				PRODUCT_NAME = "$(TARGET_NAME)";
				SDKROOT = auto;
				SUPPORTED_PLATFORMS = "iphoneos iphonesimulator macosx";
				SWIFT_EMIT_LOC_STRINGS = YES;
				SWIFT_VERSION = 5.0;
				TARGETED_DEVICE_FAMILY = "1,2";
			};
			name = Debug;
		};
		C68C28982B1DD9C700733138 /* Release */ = {
			isa = XCBuildConfiguration;
			buildSettings = {
				ASSETCATALOG_COMPILER_APPICON_NAME = AppIcon;
				ASSETCATALOG_COMPILER_GLOBAL_ACCENT_COLOR_NAME = AccentColor;
				CODE_SIGN_ENTITLEMENTS = OrganizingWithGrids/OrganizingWithGrids.entitlements;
				CODE_SIGN_STYLE = Automatic;
				CURRENT_PROJECT_VERSION = 1;
				DEVELOPMENT_ASSET_PATHS = "\"OrganizingWithGrids/Preview Content\"";
				ENABLE_PREVIEWS = YES;
				GENERATE_INFOPLIST_FILE = YES;
				"INFOPLIST_KEY_UIApplicationSceneManifest_Generation[sdk=iphoneos*]" = YES;
				"INFOPLIST_KEY_UIApplicationSceneManifest_Generation[sdk=iphonesimulator*]" = YES;
				"INFOPLIST_KEY_UIApplicationSupportsIndirectInputEvents[sdk=iphoneos*]" = YES;
				"INFOPLIST_KEY_UIApplicationSupportsIndirectInputEvents[sdk=iphonesimulator*]" = YES;
				"INFOPLIST_KEY_UILaunchScreen_Generation[sdk=iphoneos*]" = YES;
				"INFOPLIST_KEY_UILaunchScreen_Generation[sdk=iphonesimulator*]" = YES;
				"INFOPLIST_KEY_UIStatusBarStyle[sdk=iphoneos*]" = UIStatusBarStyleDefault;
				"INFOPLIST_KEY_UIStatusBarStyle[sdk=iphonesimulator*]" = UIStatusBarStyleDefault;
				INFOPLIST_KEY_UISupportedInterfaceOrientations_iPad = "UIInterfaceOrientationPortrait UIInterfaceOrientationPortraitUpsideDown UIInterfaceOrientationLandscapeLeft UIInterfaceOrientationLandscapeRight";
				INFOPLIST_KEY_UISupportedInterfaceOrientations_iPhone = "UIInterfaceOrientationPortrait UIInterfaceOrientationLandscapeLeft UIInterfaceOrientationLandscapeRight";
				IPHONEOS_DEPLOYMENT_TARGET = 17.0;
				LD_RUNPATH_SEARCH_PATHS = "@executable_path/Frameworks";
				"LD_RUNPATH_SEARCH_PATHS[sdk=macosx*]" = "@executable_path/../Frameworks";
				MACOSX_DEPLOYMENT_TARGET = 14.0;
				MARKETING_VERSION = 1.0;
				PRODUCT_BUNDLE_IDENTIFIER = com.example.OrganizingWithGrids;
				PRODUCT_NAME = "$(TARGET_NAME)";
				SDKROOT = auto;
				SUPPORTED_PLATFORMS = "iphoneos iphonesimulator macosx";
				SWIFT_EMIT_LOC_STRINGS = YES;
				SWIFT_VERSION = 5.0;
				TARGETED_DEVICE_FAMILY = "1,2";
			};
			name = Release;
		};
		C68C289A2B1DD9C700733138 /* Debug */ = {
			isa = XCBuildConfiguration;
			buildSettings = {
				ALWAYS_EMBED_SWIFT_STANDARD_LIBRARIES = YES;
				BUNDLE_LOADER = "$(TEST_HOST)";
				CODE_SIGN_STYLE = Automatic;
				CURRENT_PROJECT_VERSION = 1;
				GENERATE_INFOPLIST_FILE = YES;
				IPHONEOS_DEPLOYMENT_TARGET = 17.0;
				MACOSX_DEPLOYMENT_TARGET = 14.0;
				MARKETING_VERSION = 1.0;
				PRODUCT_BUNDLE_IDENTIFIER = com.example.OrganizingWithGridsTests;
				PRODUCT_NAME = "$(TARGET_NAME)";
				SDKROOT = auto;
				SUPPORTED_PLATFORMS = "iphoneos iphonesimulator macosx";
				SWIFT_EMIT_LOC_STRINGS = NO;
				SWIFT_VERSION = 5.0;
				TARGETED_DEVICE_FAMILY = "1,2";
				TEST_HOST = "$(BUILT_PRODUCTS_DIR)/OrganizingWithGrids.app/$(BUNDLE_EXECUTABLE_FOLDER_PATH)/OrganizingWithGrids";
			};
			name = Debug;
		};
		C68C289B2B1DD9C700733138 /* Release */ = {
			isa = XCBuildConfiguration;
			buildSettings = {
				ALWAYS_EMBED_SWIFT_STANDARD_LIBRARIES = YES;
				BUNDLE_LOADER = "$(TEST_HOST)";
				CODE_SIGN_STYLE = Automatic;
				CURRENT_PROJECT_VERSION = 1;
				GENERATE_INFOPLIST_FILE = YES;
				IPHONEOS_DEPLOYMENT_TARGET = 17.0;
				MACOSX_DEPLOYMENT_TARGET = 14.0;
				MARKETING_VERSION = 1.0;
				PRODUCT_BUNDLE_IDENTIFIER = com.example.OrganizingWithGridsTests;
				PRODUCT_NAME = "$(TARGET_NAME)";
				SDKROOT = auto;
				SUPPORTED_PLATFORMS = "iphoneos iphonesimulator macosx";
				SWIFT_EMIT_LOC_STRINGS = NO;
				SWIFT_VERSION = 5.0;
				TARGETED_DEVICE_FAMILY = "1,2";
				TEST_HOST = "$(BUILT_PRODUCTS_DIR)/OrganizingWithGrids.app/$(BUNDLE_EXECUTABLE_FOLDER_PATH)/OrganizingWithGrids";
			};
			name = Release;
		};
		C68C289D2B1DD9C700733138 /* Debug */ = {
			isa = XCBuildConfiguration;
			buildSettings = {
				ALWAYS_EMBED_SWIFT_STANDARD_LIBRARIES = YES;
				CODE_SIGN_STYLE = Automatic;
				CURRENT_PROJECT_VERSION = 1;
				GENERATE_INFOPLIST_FILE = YES;
				IPHONEOS_DEPLOYMENT_TARGET = 17.0;
				MACOSX_DEPLOYMENT_TARGET = 14.0;
				MARKETING_VERSION = 1.0;
				PRODUCT_BUNDLE_IDENTIFIER = com.example.OrganizingWithGridsUITests;
				PRODUCT_NAME = "$(TARGET_NAME)";
				SDKROOT = auto;
				SUPPORTED_PLATFORMS = "iphoneos iphonesimulator macosx";
				SWIFT_EMIT_LOC_STRINGS = NO;
				SWIFT_VERSION = 5.0;
				TARGETED_DEVICE_FAMILY = "1,2";
				TEST_TARGET_NAME = OrganizingWithGrids;
			};
			name = Debug;
		};
		C68C289E2B1DD9C700733138 /* Release */ = {
			isa = XCBuildConfiguration;
			buildSettings = {
				ALWAYS_EMBED_SWIFT_STANDARD_LIBRARIES = YES;
				CODE_SIGN_STYLE = Automatic;
				CURRENT_PROJECT_VERSION = 1;
				GENERATE_INFOPLIST_FILE = YES;
				IPHONEOS_DEPLOYMENT_TARGET = 17.0;
				MACOSX_DEPLOYMENT_TARGET = 14.0;
				MARKETING_VERSION = 1.0;
				PRODUCT_BUNDLE_IDENTIFIER = com.example.OrganizingWithGridsUITests;
				PRODUCT_NAME = "$(TARGET_NAME)";
				SDKROOT = auto;
				SUPPORTED_PLATFORMS = "iphoneos iphonesimulator macosx";
				SWIFT_EMIT_LOC_STRINGS = NO;
				SWIFT_VERSION = 5.0;
				TARGETED_DEVICE_FAMILY = "1,2";
				TEST_TARGET_NAME = OrganizingWithGrids;
			};
			name = Release;
		};
/* End XCBuildConfiguration section */

/* Begin XCConfigurationList section */
		C68C286C2B1DD9C500733138 /* Build configuration list for PBXProject "OrganizingWithGrids" */ = {
			isa = XCConfigurationList;
			buildConfigurations = (
				C68C28942B1DD9C700733138 /* Debug */,
				C68C28952B1DD9C700733138 /* Release */,
			);
			defaultConfigurationIsVisible = 0;
			defaultConfigurationName = Release;
		};
		C68C28962B1DD9C700733138 /* Build configuration list for PBXNativeTarget "OrganizingWithGrids" */ = {
			isa = XCConfigurationList;
			buildConfigurations = (
				C68C28972B1DD9C700733138 /* Debug */,
				C68C28982B1DD9C700733138 /* Release */,
			);
			defaultConfigurationIsVisible = 0;
			defaultConfigurationName = Release;
		};
		C68C28992B1DD9C700733138 /* Build configuration list for PBXNativeTarget "OrganizingWithGridsTests" */ = {
			isa = XCConfigurationList;
			buildConfigurations = (
				C68C289A2B1DD9C700733138 /* Debug */,
				C68C289B2B1DD9C700733138 /* Release */,
			);
			defaultConfigurationIsVisible = 0;
			defaultConfigurationName = Release;
		};
		C68C289C2B1DD9C700733138 /* Build configuration list for PBXNativeTarget "OrganizingWithGridsUITests" */ = {
			isa = XCConfigurationList;
			buildConfigurations = (
				C68C289D2B1DD9C700733138 /* Debug */,
				C68C289E2B1DD9C700733138 /* Release */,
			);
			defaultConfigurationIsVisible = 0;
			defaultConfigurationName = Release;
		};
/* End XCConfigurationList section */
	};
	rootObject = C68C28692B1DD9C500733138 /* Project object */;
}
