// !$*UTF8*$!
{
	archiveVersion = 1;
	classes = {
	};
	objectVersion = 56;
	objects = {

/* Begin PBXBuildFile section */
		C6C264622B1E15DF0075C2D3 /* NewImageGalleryApp.swift in Sources */ = {isa = PBXBuildFile; fileRef = C6C264612B1E15DF0075C2D3 /* NewImageGalleryApp.swift */; };
		C6C264642B1E15DF0075C2D3 /* ContentView.swift in Sources */ = {isa = PBXBuildFile; fileRef = C6C264632B1E15DF0075C2D3 /* ContentView.swift */; };
		C6C264662B1E15E00075C2D3 /* Assets.xcassets in Resources */ = {isa = PBXBuildFile; fileRef = C6C264652B1E15E00075C2D3 /* Assets.xcassets */; };
		C6C264692B1E15E00075C2D3 /* Preview Assets.xcassets in Resources */ = {isa = PBXBuildFile; fileRef = C6C264682B1E15E00075C2D3 /* Preview Assets.xcassets */; };
		C6C264732B1E15E00075C2D3 /* NewImageGalleryTests.swift in Sources */ = {isa = PBXBuildFile; fileRef = C6C264722B1E15E00075C2D3 /* NewImageGalleryTests.swift */; };
		C6C2647D2B1E15E00075C2D3 /* NewImageGalleryUITests.swift in Sources */ = {isa = PBXBuildFile; fileRef = C6C2647C2B1E15E00075C2D3 /* NewImageGalleryUITests.swift */; };
		C6C2647F2B1E15E00075C2D3 /* NewImageGalleryUITestsLaunchTests.swift in Sources */ = {isa = PBXBuildFile; fileRef = C6C2647E2B1E15E00075C2D3 /* NewImageGalleryUITestsLaunchTests.swift */; };
		C6C2648C2B1E16CF0075C2D3 /* DataModel.swift in Sources */ = {isa = PBXBuildFile; fileRef = C6C2648B2B1E16CF0075C2D3 /* DataModel.swift */; };
		C6C2648E2B1E16E50075C2D3 /* Item.swift in Sources */ = {isa = PBXBuildFile; fileRef = C6C2648D2B1E16E50075C2D3 /* Item.swift */; };
		C6C264902B1E17110075C2D3 /* FileManagerExtensions.swift in Sources */ = {isa = PBXBuildFile; fileRef = C6C2648F2B1E17110075C2D3 /* FileManagerExtensions.swift */; };
		C6C264922B1E17590075C2D3 /* GridView.swift in Sources */ = {isa = PBXBuildFile; fileRef = C6C264912B1E17590075C2D3 /* GridView.swift */; };
		C6C264942B1E17750075C2D3 /* ColumnStepper.swift in Sources */ = {isa = PBXBuildFile; fileRef = C6C264932B1E17750075C2D3 /* ColumnStepper.swift */; };
		C6C264962B1E17980075C2D3 /* DetailView.swift in Sources */ = {isa = PBXBuildFile; fileRef = C6C264952B1E17980075C2D3 /* DetailView.swift */; };
		C6C264982B1E17B40075C2D3 /* GridItemView.swift in Sources */ = {isa = PBXBuildFile; fileRef = C6C264972B1E17B40075C2D3 /* GridItemView.swift */; };
		C6C2649A2B1E17CF0075C2D3 /* PhotoPicker.swift in Sources */ = {isa = PBXBuildFile; fileRef = C6C264992B1E17CF0075C2D3 /* PhotoPicker.swift */; };
/* End PBXBuildFile section */

/* Begin PBXContainerItemProxy section */
		C6C2646F2B1E15E00075C2D3 /* PBXContainerItemProxy */ = {
			isa = PBXContainerItemProxy;
			containerPortal = C6C264562B1E15DF0075C2D3 /* Project object */;
			proxyType = 1;
			remoteGlobalIDString = C6C2645D2B1E15DF0075C2D3;
			remoteInfo = NewImageGallery;
		};
		C6C264792B1E15E00075C2D3 /* PBXContainerItemProxy */ = {
			isa = PBXContainerItemProxy;
			containerPortal = C6C264562B1E15DF0075C2D3 /* Project object */;
			proxyType = 1;
			remoteGlobalIDString = C6C2645D2B1E15DF0075C2D3;
			remoteInfo = NewImageGallery;
		};
/* End PBXContainerItemProxy section */

/* Begin PBXFileReference section */
		C6C2645E2B1E15DF0075C2D3 /* NewImageGallery.app */ = {isa = PBXFileReference; explicitFileType = wrapper.application; includeInIndex = 0; path = NewImageGallery.app; sourceTree = BUILT_PRODUCTS_DIR; };
		C6C264612B1E15DF0075C2D3 /* NewImageGalleryApp.swift */ = {isa = PBXFileReference; lastKnownFileType = sourcecode.swift; path = NewImageGalleryApp.swift; sourceTree = "<group>"; };
		C6C264632B1E15DF0075C2D3 /* ContentView.swift */ = {isa = PBXFileReference; lastKnownFileType = sourcecode.swift; path = ContentView.swift; sourceTree = "<group>"; };
		C6C264652B1E15E00075C2D3 /* Assets.xcassets */ = {isa = PBXFileReference; lastKnownFileType = folder.assetcatalog; path = Assets.xcassets; sourceTree = "<group>"; };
		C6C264682B1E15E00075C2D3 /* Preview Assets.xcassets */ = {isa = PBXFileReference; lastKnownFileType = folder.assetcatalog; path = "Preview Assets.xcassets"; sourceTree = "<group>"; };
		C6C2646E2B1E15E00075C2D3 /* NewImageGalleryTests.xctest */ = {isa = PBXFileReference; explicitFileType = wrapper.cfbundle; includeInIndex = 0; path = NewImageGalleryTests.xctest; sourceTree = BUILT_PRODUCTS_DIR; };
		C6C264722B1E15E00075C2D3 /* NewImageGalleryTests.swift */ = {isa = PBXFileReference; lastKnownFileType = sourcecode.swift; path = NewImageGalleryTests.swift; sourceTree = "<group>"; };
		C6C264782B1E15E00075C2D3 /* NewImageGalleryUITests.xctest */ = {isa = PBXFileReference; explicitFileType = wrapper.cfbundle; includeInIndex = 0; path = NewImageGalleryUITests.xctest; sourceTree = BUILT_PRODUCTS_DIR; };
		C6C2647C2B1E15E00075C2D3 /* NewImageGalleryUITests.swift */ = {isa = PBXFileReference; lastKnownFileType = sourcecode.swift; path = NewImageGalleryUITests.swift; sourceTree = "<group>"; };
		C6C2647E2B1E15E00075C2D3 /* NewImageGalleryUITestsLaunchTests.swift */ = {isa = PBXFileReference; lastKnownFileType = sourcecode.swift; path = NewImageGalleryUITestsLaunchTests.swift; sourceTree = "<group>"; };
		C6C2648B2B1E16CF0075C2D3 /* DataModel.swift */ = {isa = PBXFileReference; lastKnownFileType = sourcecode.swift; path = DataModel.swift; sourceTree = "<group>"; };
		C6C2648D2B1E16E50075C2D3 /* Item.swift */ = {isa = PBXFileReference; lastKnownFileType = sourcecode.swift; path = Item.swift; sourceTree = "<group>"; };
		C6C2648F2B1E17110075C2D3 /* FileManagerExtensions.swift */ = {isa = PBXFileReference; lastKnownFileType = sourcecode.swift; path = FileManagerExtensions.swift; sourceTree = "<group>"; };
		C6C264912B1E17590075C2D3 /* GridView.swift */ = {isa = PBXFileReference; lastKnownFileType = sourcecode.swift; path = GridView.swift; sourceTree = "<group>"; };
		C6C264932B1E17750075C2D3 /* ColumnStepper.swift */ = {isa = PBXFileReference; lastKnownFileType = sourcecode.swift; path = ColumnStepper.swift; sourceTree = "<group>"; };
		C6C264952B1E17980075C2D3 /* DetailView.swift */ = {isa = PBXFileReference; lastKnownFileType = sourcecode.swift; path = DetailView.swift; sourceTree = "<group>"; };
		C6C264972B1E17B40075C2D3 /* GridItemView.swift */ = {isa = PBXFileReference; lastKnownFileType = sourcecode.swift; path = GridItemView.swift; sourceTree = "<group>"; };
		C6C264992B1E17CF0075C2D3 /* PhotoPicker.swift */ = {isa = PBXFileReference; lastKnownFileType = sourcecode.swift; path = PhotoPicker.swift; sourceTree = "<group>"; };
/* End PBXFileReference section */

/* Begin PBXFrameworksBuildPhase section */
		C6C2645B2B1E15DF0075C2D3 /* Frameworks */ = {
			isa = PBXFrameworksBuildPhase;
			buildActionMask = 2147483647;
			files = (
			);
			runOnlyForDeploymentPostprocessing = 0;
		};
		C6C2646B2B1E15E00075C2D3 /* Frameworks */ = {
			isa = PBXFrameworksBuildPhase;
			buildActionMask = 2147483647;
			files = (
			);
			runOnlyForDeploymentPostprocessing = 0;
		};
		C6C264752B1E15E00075C2D3 /* Frameworks */ = {
			isa = PBXFrameworksBuildPhase;
			buildActionMask = 2147483647;
			files = (
			);
			runOnlyForDeploymentPostprocessing = 0;
		};
/* End PBXFrameworksBuildPhase section */

/* Begin PBXGroup section */
		C6C264552B1E15DF0075C2D3 = {
			isa = PBXGroup;
			children = (
				C6C264602B1E15DF0075C2D3 /* NewImageGallery */,
				C6C264712B1E15E00075C2D3 /* NewImageGalleryTests */,
				C6C2647B2B1E15E00075C2D3 /* NewImageGalleryUITests */,
				C6C2645F2B1E15DF0075C2D3 /* Products */,
			);
			sourceTree = "<group>";
		};
		C6C2645F2B1E15DF0075C2D3 /* Products */ = {
			isa = PBXGroup;
			children = (
				C6C2645E2B1E15DF0075C2D3 /* NewImageGallery.app */,
				C6C2646E2B1E15E00075C2D3 /* NewImageGalleryTests.xctest */,
				C6C264782B1E15E00075C2D3 /* NewImageGalleryUITests.xctest */,
			);
			name = Products;
			sourceTree = "<group>";
		};
		C6C264602B1E15DF0075C2D3 /* NewImageGallery */ = {
			isa = PBXGroup;
			children = (
				C6C264612B1E15DF0075C2D3 /* NewImageGalleryApp.swift */,
				C6C264632B1E15DF0075C2D3 /* ContentView.swift */,
				C6C264652B1E15E00075C2D3 /* Assets.xcassets */,
				C6C264672B1E15E00075C2D3 /* Preview Content */,
				C6C2648B2B1E16CF0075C2D3 /* DataModel.swift */,
				C6C2648D2B1E16E50075C2D3 /* Item.swift */,
				C6C2648F2B1E17110075C2D3 /* FileManagerExtensions.swift */,
				C6C264912B1E17590075C2D3 /* GridView.swift */,
				C6C264932B1E17750075C2D3 /* ColumnStepper.swift */,
				C6C264952B1E17980075C2D3 /* DetailView.swift */,
				C6C264972B1E17B40075C2D3 /* GridItemView.swift */,
				C6C264992B1E17CF0075C2D3 /* PhotoPicker.swift */,
			);
			path = NewImageGallery;
			sourceTree = "<group>";
		};
		C6C264672B1E15E00075C2D3 /* Preview Content */ = {
			isa = PBXGroup;
			children = (
				C6C264682B1E15E00075C2D3 /* Preview Assets.xcassets */,
			);
			path = "Preview Content";
			sourceTree = "<group>";
		};
		C6C264712B1E15E00075C2D3 /* NewImageGalleryTests */ = {
			isa = PBXGroup;
			children = (
				C6C264722B1E15E00075C2D3 /* NewImageGalleryTests.swift */,
			);
			path = NewImageGalleryTests;
			sourceTree = "<group>";
		};
		C6C2647B2B1E15E00075C2D3 /* NewImageGalleryUITests */ = {
			isa = PBXGroup;
			children = (
				C6C2647C2B1E15E00075C2D3 /* NewImageGalleryUITests.swift */,
				C6C2647E2B1E15E00075C2D3 /* NewImageGalleryUITestsLaunchTests.swift */,
			);
			path = NewImageGalleryUITests;
			sourceTree = "<group>";
		};
/* End PBXGroup section */

/* Begin PBXNativeTarget section */
		C6C2645D2B1E15DF0075C2D3 /* NewImageGallery */ = {
			isa = PBXNativeTarget;
			buildConfigurationList = C6C264822B1E15E00075C2D3 /* Build configuration list for PBXNativeTarget "NewImageGallery" */;
			buildPhases = (
				C6C2645A2B1E15DF0075C2D3 /* Sources */,
				C6C2645B2B1E15DF0075C2D3 /* Frameworks */,
				C6C2645C2B1E15DF0075C2D3 /* Resources */,
			);
			buildRules = (
			);
			dependencies = (
			);
			name = NewImageGallery;
			productName = NewImageGallery;
			productReference = C6C2645E2B1E15DF0075C2D3 /* NewImageGallery.app */;
			productType = "com.apple.product-type.application";
		};
		C6C2646D2B1E15E00075C2D3 /* NewImageGalleryTests */ = {
			isa = PBXNativeTarget;
			buildConfigurationList = C6C264852B1E15E00075C2D3 /* Build configuration list for PBXNativeTarget "NewImageGalleryTests" */;
			buildPhases = (
				C6C2646A2B1E15E00075C2D3 /* Sources */,
				C6C2646B2B1E15E00075C2D3 /* Frameworks */,
				C6C2646C2B1E15E00075C2D3 /* Resources */,
			);
			buildRules = (
			);
			dependencies = (
				C6C264702B1E15E00075C2D3 /* PBXTargetDependency */,
			);
			name = NewImageGalleryTests;
			productName = NewImageGalleryTests;
			productReference = C6C2646E2B1E15E00075C2D3 /* NewImageGalleryTests.xctest */;
			productType = "com.apple.product-type.bundle.unit-test";
		};
		C6C264772B1E15E00075C2D3 /* NewImageGalleryUITests */ = {
			isa = PBXNativeTarget;
			buildConfigurationList = C6C264882B1E15E00075C2D3 /* Build configuration list for PBXNativeTarget "NewImageGalleryUITests" */;
			buildPhases = (
				C6C264742B1E15E00075C2D3 /* Sources */,
				C6C264752B1E15E00075C2D3 /* Frameworks */,
				C6C264762B1E15E00075C2D3 /* Resources */,
			);
			buildRules = (
			);
			dependencies = (
				C6C2647A2B1E15E00075C2D3 /* PBXTargetDependency */,
			);
			name = NewImageGalleryUITests;
			productName = NewImageGalleryUITests;
			productReference = C6C264782B1E15E00075C2D3 /* NewImageGalleryUITests.xctest */;
			productType = "com.apple.product-type.bundle.ui-testing";
		};
/* End PBXNativeTarget section */

/* Begin PBXProject section */
		C6C264562B1E15DF0075C2D3 /* Project object */ = {
			isa = PBXProject;
			attributes = {
				BuildIndependentTargetsInParallel = 1;
				LastSwiftUpdateCheck = 1500;
				LastUpgradeCheck = 1500;
				TargetAttributes = {
					C6C2645D2B1E15DF0075C2D3 = {
						CreatedOnToolsVersion = 15.0.1;
					};
					C6C2646D2B1E15E00075C2D3 = {
						CreatedOnToolsVersion = 15.0.1;
						TestTargetID = C6C2645D2B1E15DF0075C2D3;
					};
					C6C264772B1E15E00075C2D3 = {
						CreatedOnToolsVersion = 15.0.1;
						TestTargetID = C6C2645D2B1E15DF0075C2D3;
					};
				};
			};
			buildConfigurationList = C6C264592B1E15DF0075C2D3 /* Build configuration list for PBXProject "NewImageGallery" */;
			compatibilityVersion = "Xcode 14.0";
			developmentRegion = en;
			hasScannedForEncodings = 0;
			knownRegions = (
				en,
				Base,
			);
			mainGroup = C6C264552B1E15DF0075C2D3;
			productRefGroup = C6C2645F2B1E15DF0075C2D3 /* Products */;
			projectDirPath = "";
			projectRoot = "";
			targets = (
				C6C2645D2B1E15DF0075C2D3 /* NewImageGallery */,
				C6C2646D2B1E15E00075C2D3 /* NewImageGalleryTests */,
				C6C264772B1E15E00075C2D3 /* NewImageGalleryUITests */,
			);
		};
/* End PBXProject section */

/* Begin PBXResourcesBuildPhase section */
		C6C2645C2B1E15DF0075C2D3 /* Resources */ = {
			isa = PBXResourcesBuildPhase;
			buildActionMask = 2147483647;
			files = (
				C6C264692B1E15E00075C2D3 /* Preview Assets.xcassets in Resources */,
				C6C264662B1E15E00075C2D3 /* Assets.xcassets in Resources */,
			);
			runOnlyForDeploymentPostprocessing = 0;
		};
		C6C2646C2B1E15E00075C2D3 /* Resources */ = {
			isa = PBXResourcesBuildPhase;
			buildActionMask = 2147483647;
			files = (
			);
			runOnlyForDeploymentPostprocessing = 0;
		};
		C6C264762B1E15E00075C2D3 /* Resources */ = {
			isa = PBXResourcesBuildPhase;
			buildActionMask = 2147483647;
			files = (
			);
			runOnlyForDeploymentPostprocessing = 0;
		};
/* End PBXResourcesBuildPhase section */

/* Begin PBXSourcesBuildPhase section */
		C6C2645A2B1E15DF0075C2D3 /* Sources */ = {
			isa = PBXSourcesBuildPhase;
			buildActionMask = 2147483647;
			files = (
				C6C2648E2B1E16E50075C2D3 /* Item.swift in Sources */,
				C6C264982B1E17B40075C2D3 /* GridItemView.swift in Sources */,
				C6C264962B1E17980075C2D3 /* DetailView.swift in Sources */,
				C6C264642B1E15DF0075C2D3 /* ContentView.swift in Sources */,
				C6C264622B1E15DF0075C2D3 /* NewImageGalleryApp.swift in Sources */,
				C6C264942B1E17750075C2D3 /* ColumnStepper.swift in Sources */,
				C6C264902B1E17110075C2D3 /* FileManagerExtensions.swift in Sources */,
				C6C264922B1E17590075C2D3 /* GridView.swift in Sources */,
				C6C2649A2B1E17CF0075C2D3 /* PhotoPicker.swift in Sources */,
				C6C2648C2B1E16CF0075C2D3 /* DataModel.swift in Sources */,
			);
			runOnlyForDeploymentPostprocessing = 0;
		};
		C6C2646A2B1E15E00075C2D3 /* Sources */ = {
			isa = PBXSourcesBuildPhase;
			buildActionMask = 2147483647;
			files = (
				C6C264732B1E15E00075C2D3 /* NewImageGalleryTests.swift in Sources */,
			);
			runOnlyForDeploymentPostprocessing = 0;
		};
		C6C264742B1E15E00075C2D3 /* Sources */ = {
			isa = PBXSourcesBuildPhase;
			buildActionMask = 2147483647;
			files = (
				C6C2647F2B1E15E00075C2D3 /* NewImageGalleryUITestsLaunchTests.swift in Sources */,
				C6C2647D2B1E15E00075C2D3 /* NewImageGalleryUITests.swift in Sources */,
			);
			runOnlyForDeploymentPostprocessing = 0;
		};
/* End PBXSourcesBuildPhase section */

/* Begin PBXTargetDependency section */
		C6C264702B1E15E00075C2D3 /* PBXTargetDependency */ = {
			isa = PBXTargetDependency;
			target = C6C2645D2B1E15DF0075C2D3 /* NewImageGallery */;
			targetProxy = C6C2646F2B1E15E00075C2D3 /* PBXContainerItemProxy */;
		};
		C6C2647A2B1E15E00075C2D3 /* PBXTargetDependency */ = {
			isa = PBXTargetDependency;
			target = C6C2645D2B1E15DF0075C2D3 /* NewImageGallery */;
			targetProxy = C6C264792B1E15E00075C2D3 /* PBXContainerItemProxy */;
		};
/* End PBXTargetDependency section */

/* Begin XCBuildConfiguration section */
		C6C264802B1E15E00075C2D3 /* Debug */ = {
			isa = XCBuildConfiguration;
			buildSettings = {
				ALWAYS_SEARCH_USER_PATHS = NO;
				ASSETCATALOG_COMPILER_GENERATE_SWIFT_ASSET_SYMBOL_EXTENSIONS = YES;
				CLANG_ANALYZER_NONNULL = YES;
				CLANG_ANALYZER_NUMBER_OBJECT_CONVERSION = YES_AGGRESSIVE;
				CLANG_CXX_LANGUAGE_STANDARD = "gnu++20";
				CLANG_ENABLE_MODULES = YES;
				CLANG_ENABLE_OBJC_ARC = YES;
				CLANG_ENABLE_OBJC_WEAK = YES;
				CLANG_WARN_BLOCK_CAPTURE_AUTORELEASING = YES;
				CLANG_WARN_BOOL_CONVERSION = YES;
				CLANG_WARN_COMMA = YES;
				CLANG_WARN_CONSTANT_CONVERSION = YES;
				CLANG_WARN_DEPRECATED_OBJC_IMPLEMENTATIONS = YES;
				CLANG_WARN_DIRECT_OBJC_ISA_USAGE = YES_ERROR;
				CLANG_WARN_DOCUMENTATION_COMMENTS = YES;
				CLANG_WARN_EMPTY_BODY = YES;
				CLANG_WARN_ENUM_CONVERSION = YES;
				CLANG_WARN_INFINITE_RECURSION = YES;
				CLANG_WARN_INT_CONVERSION = YES;
				CLANG_WARN_NON_LITERAL_NULL_CONVERSION = YES;
				CLANG_WARN_OBJC_IMPLICIT_RETAIN_SELF = YES;
				CLANG_WARN_OBJC_LITERAL_CONVERSION = YES;
				CLANG_WARN_OBJC_ROOT_CLASS = YES_ERROR;
				CLANG_WARN_QUOTED_INCLUDE_IN_FRAMEWORK_HEADER = YES;
				CLANG_WARN_RANGE_LOOP_ANALYSIS = YES;
				CLANG_WARN_STRICT_PROTOTYPES = YES;
				CLANG_WARN_SUSPICIOUS_MOVE = YES;
				CLANG_WARN_UNGUARDED_AVAILABILITY = YES_AGGRESSIVE;
				CLANG_WARN_UNREACHABLE_CODE = YES;
				CLANG_WARN__DUPLICATE_METHOD_MATCH = YES;
				COPY_PHASE_STRIP = NO;
				DEBUG_INFORMATION_FORMAT = dwarf;
				ENABLE_STRICT_OBJC_MSGSEND = YES;
				ENABLE_TESTABILITY = YES;
				ENABLE_USER_SCRIPT_SANDBOXING = YES;
				GCC_C_LANGUAGE_STANDARD = gnu17;
				GCC_DYNAMIC_NO_PIC = NO;
				GCC_NO_COMMON_BLOCKS = YES;
				GCC_OPTIMIZATION_LEVEL = 0;
				GCC_PREPROCESSOR_DEFINITIONS = (
					"DEBUG=1",
					"$(inherited)",
				);
				GCC_WARN_64_TO_32_BIT_CONVERSION = YES;
				GCC_WARN_ABOUT_RETURN_TYPE = YES_ERROR;
				GCC_WARN_UNDECLARED_SELECTOR = YES;
				GCC_WARN_UNINITIALIZED_AUTOS = YES_AGGRESSIVE;
				GCC_WARN_UNUSED_FUNCTION = YES;
				GCC_WARN_UNUSED_VARIABLE = YES;
				IPHONEOS_DEPLOYMENT_TARGET = 17.0;
				LOCALIZATION_PREFERS_STRING_CATALOGS = YES;
				MTL_ENABLE_DEBUG_INFO = INCLUDE_SOURCE;
				MTL_FAST_MATH = YES;
				ONLY_ACTIVE_ARCH = YES;
				SDKROOT = iphoneos;
				SWIFT_ACTIVE_COMPILATION_CONDITIONS = "DEBUG $(inherited)";
				SWIFT_OPTIMIZATION_LEVEL = "-Onone";
			};
			name = Debug;
		};
		C6C264812B1E15E00075C2D3 /* Release */ = {
			isa = XCBuildConfiguration;
			buildSettings = {
				ALWAYS_SEARCH_USER_PATHS = NO;
				ASSETCATALOG_COMPILER_GENERATE_SWIFT_ASSET_SYMBOL_EXTENSIONS = YES;
				CLANG_ANALYZER_NONNULL = YES;
				CLANG_ANALYZER_NUMBER_OBJECT_CONVERSION = YES_AGGRESSIVE;
				CLANG_CXX_LANGUAGE_STANDARD = "gnu++20";
				CLANG_ENABLE_MODULES = YES;
				CLANG_ENABLE_OBJC_ARC = YES;
				CLANG_ENABLE_OBJC_WEAK = YES;
				CLANG_WARN_BLOCK_CAPTURE_AUTORELEASING = YES;
				CLANG_WARN_BOOL_CONVERSION = YES;
				CLANG_WARN_COMMA = YES;
				CLANG_WARN_CONSTANT_CONVERSION = YES;
				CLANG_WARN_DEPRECATED_OBJC_IMPLEMENTATIONS = YES;
				CLANG_WARN_DIRECT_OBJC_ISA_USAGE = YES_ERROR;
				CLANG_WARN_DOCUMENTATION_COMMENTS = YES;
				CLANG_WARN_EMPTY_BODY = YES;
				CLANG_WARN_ENUM_CONVERSION = YES;
				CLANG_WARN_INFINITE_RECURSION = YES;
				CLANG_WARN_INT_CONVERSION = YES;
				CLANG_WARN_NON_LITERAL_NULL_CONVERSION = YES;
				CLANG_WARN_OBJC_IMPLICIT_RETAIN_SELF = YES;
				CLANG_WARN_OBJC_LITERAL_CONVERSION = YES;
				CLANG_WARN_OBJC_ROOT_CLASS = YES_ERROR;
				CLANG_WARN_QUOTED_INCLUDE_IN_FRAMEWORK_HEADER = YES;
				CLANG_WARN_RANGE_LOOP_ANALYSIS = YES;
				CLANG_WARN_STRICT_PROTOTYPES = YES;
				CLANG_WARN_SUSPICIOUS_MOVE = YES;
				CLANG_WARN_UNGUARDED_AVAILABILITY = YES_AGGRESSIVE;
				CLANG_WARN_UNREACHABLE_CODE = YES;
				CLANG_WARN__DUPLICATE_METHOD_MATCH = YES;
				COPY_PHASE_STRIP = NO;
				DEBUG_INFORMATION_FORMAT = "dwarf-with-dsym";
				ENABLE_NS_ASSERTIONS = NO;
				ENABLE_STRICT_OBJC_MSGSEND = YES;
				ENABLE_USER_SCRIPT_SANDBOXING = YES;
				GCC_C_LANGUAGE_STANDARD = gnu17;
				GCC_NO_COMMON_BLOCKS = YES;
				GCC_WARN_64_TO_32_BIT_CONVERSION = YES;
				GCC_WARN_ABOUT_RETURN_TYPE = YES_ERROR;
				GCC_WARN_UNDECLARED_SELECTOR = YES;
				GCC_WARN_UNINITIALIZED_AUTOS = YES_AGGRESSIVE;
				GCC_WARN_UNUSED_FUNCTION = YES;
				GCC_WARN_UNUSED_VARIABLE = YES;
				IPHONEOS_DEPLOYMENT_TARGET = 17.0;
				LOCALIZATION_PREFERS_STRING_CATALOGS = YES;
				MTL_ENABLE_DEBUG_INFO = NO;
				MTL_FAST_MATH = YES;
				SDKROOT = iphoneos;
				SWIFT_COMPILATION_MODE = wholemodule;
				VALIDATE_PRODUCT = YES;
			};
			name = Release;
		};
		C6C264832B1E15E00075C2D3 /* Debug */ = {
			isa = XCBuildConfiguration;
			buildSettings = {
				ASSETCATALOG_COMPILER_APPICON_NAME = AppIcon;
				ASSETCATALOG_COMPILER_GLOBAL_ACCENT_COLOR_NAME = AccentColor;
				CODE_SIGN_STYLE = Automatic;
				CURRENT_PROJECT_VERSION = 1;
				DEVELOPMENT_ASSET_PATHS = "\"NewImageGallery/Preview Content\"";
				ENABLE_PREVIEWS = YES;
				GENERATE_INFOPLIST_FILE = YES;
				INFOPLIST_KEY_UIApplicationSceneManifest_Generation = YES;
				INFOPLIST_KEY_UIApplicationSupportsIndirectInputEvents = YES;
				INFOPLIST_KEY_UILaunchScreen_Generation = YES;
				INFOPLIST_KEY_UISupportedInterfaceOrientations_iPad = "UIInterfaceOrientationPortrait UIInterfaceOrientationPortraitUpsideDown UIInterfaceOrientationLandscapeLeft UIInterfaceOrientationLandscapeRight";
				INFOPLIST_KEY_UISupportedInterfaceOrientations_iPhone = "UIInterfaceOrientationPortrait UIInterfaceOrientationLandscapeLeft UIInterfaceOrientationLandscapeRight";
				LD_RUNPATH_SEARCH_PATHS = (
					"$(inherited)",
					"@executable_path/Frameworks",
				);
				MARKETING_VERSION = 1.0;
				PRODUCT_BUNDLE_IDENTIFIER = com.example.NewImageGallery;
				PRODUCT_NAME = "$(TARGET_NAME)";
				SWIFT_EMIT_LOC_STRINGS = YES;
				SWIFT_VERSION = 5.0;
				TARGETED_DEVICE_FAMILY = "1,2";
			};
			name = Debug;
		};
		C6C264842B1E15E00075C2D3 /* Release */ = {
			isa = XCBuildConfiguration;
			buildSettings = {
				ASSETCATALOG_COMPILER_APPICON_NAME = AppIcon;
				ASSETCATALOG_COMPILER_GLOBAL_ACCENT_COLOR_NAME = AccentColor;
				CODE_SIGN_STYLE = Automatic;
				CURRENT_PROJECT_VERSION = 1;
				DEVELOPMENT_ASSET_PATHS = "\"NewImageGallery/Preview Content\"";
				ENABLE_PREVIEWS = YES;
				GENERATE_INFOPLIST_FILE = YES;
				INFOPLIST_KEY_UIApplicationSceneManifest_Generation = YES;
				INFOPLIST_KEY_UIApplicationSupportsIndirectInputEvents = YES;
				INFOPLIST_KEY_UILaunchScreen_Generation = YES;
				INFOPLIST_KEY_UISupportedInterfaceOrientations_iPad = "UIInterfaceOrientationPortrait UIInterfaceOrientationPortraitUpsideDown UIInterfaceOrientationLandscapeLeft UIInterfaceOrientationLandscapeRight";
				INFOPLIST_KEY_UISupportedInterfaceOrientations_iPhone = "UIInterfaceOrientationPortrait UIInterfaceOrientationLandscapeLeft UIInterfaceOrientationLandscapeRight";
				LD_RUNPATH_SEARCH_PATHS = (
					"$(inherited)",
					"@executable_path/Frameworks",
				);
				MARKETING_VERSION = 1.0;
				PRODUCT_BUNDLE_IDENTIFIER = com.example.NewImageGallery;
				PRODUCT_NAME = "$(TARGET_NAME)";
				SWIFT_EMIT_LOC_STRINGS = YES;
				SWIFT_VERSION = 5.0;
				TARGETED_DEVICE_FAMILY = "1,2";
			};
			name = Release;
		};
		C6C264862B1E15E00075C2D3 /* Debug */ = {
			isa = XCBuildConfiguration;
			buildSettings = {
				ALWAYS_EMBED_SWIFT_STANDARD_LIBRARIES = YES;
				BUNDLE_LOADER = "$(TEST_HOST)";
				CODE_SIGN_STYLE = Automatic;
				CURRENT_PROJECT_VERSION = 1;
				GENERATE_INFOPLIST_FILE = YES;
				IPHONEOS_DEPLOYMENT_TARGET = 17.0;
				MARKETING_VERSION = 1.0;
				PRODUCT_BUNDLE_IDENTIFIER = com.example.NewImageGalleryTests;
				PRODUCT_NAME = "$(TARGET_NAME)";
				SWIFT_EMIT_LOC_STRINGS = NO;
				SWIFT_VERSION = 5.0;
				TARGETED_DEVICE_FAMILY = "1,2";
				TEST_HOST = "$(BUILT_PRODUCTS_DIR)/NewImageGallery.app/$(BUNDLE_EXECUTABLE_FOLDER_PATH)/NewImageGallery";
			};
			name = Debug;
		};
		C6C264872B1E15E00075C2D3 /* Release */ = {
			isa = XCBuildConfiguration;
			buildSettings = {
				ALWAYS_EMBED_SWIFT_STANDARD_LIBRARIES = YES;
				BUNDLE_LOADER = "$(TEST_HOST)";
				CODE_SIGN_STYLE = Automatic;
				CURRENT_PROJECT_VERSION = 1;
				GENERATE_INFOPLIST_FILE = YES;
				IPHONEOS_DEPLOYMENT_TARGET = 17.0;
				MARKETING_VERSION = 1.0;
				PRODUCT_BUNDLE_IDENTIFIER = com.example.NewImageGalleryTests;
				PRODUCT_NAME = "$(TARGET_NAME)";
				SWIFT_EMIT_LOC_STRINGS = NO;
				SWIFT_VERSION = 5.0;
				TARGETED_DEVICE_FAMILY = "1,2";
				TEST_HOST = "$(BUILT_PRODUCTS_DIR)/NewImageGallery.app/$(BUNDLE_EXECUTABLE_FOLDER_PATH)/NewImageGallery";
			};
			name = Release;
		};
		C6C264892B1E15E00075C2D3 /* Debug */ = {
			isa = XCBuildConfiguration;
			buildSettings = {
				ALWAYS_EMBED_SWIFT_STANDARD_LIBRARIES = YES;
				CODE_SIGN_STYLE = Automatic;
				CURRENT_PROJECT_VERSION = 1;
				GENERATE_INFOPLIST_FILE = YES;
				MARKETING_VERSION = 1.0;
				PRODUCT_BUNDLE_IDENTIFIER = com.example.NewImageGalleryUITests;
				PRODUCT_NAME = "$(TARGET_NAME)";
				SWIFT_EMIT_LOC_STRINGS = NO;
				SWIFT_VERSION = 5.0;
				TARGETED_DEVICE_FAMILY = "1,2";
				TEST_TARGET_NAME = NewImageGallery;
			};
			name = Debug;
		};
		C6C2648A2B1E15E00075C2D3 /* Release */ = {
			isa = XCBuildConfiguration;
			buildSettings = {
				ALWAYS_EMBED_SWIFT_STANDARD_LIBRARIES = YES;
				CODE_SIGN_STYLE = Automatic;
				CURRENT_PROJECT_VERSION = 1;
				GENERATE_INFOPLIST_FILE = YES;
				MARKETING_VERSION = 1.0;
				PRODUCT_BUNDLE_IDENTIFIER = com.example.NewImageGalleryUITests;
				PRODUCT_NAME = "$(TARGET_NAME)";
				SWIFT_EMIT_LOC_STRINGS = NO;
				SWIFT_VERSION = 5.0;
				TARGETED_DEVICE_FAMILY = "1,2";
				TEST_TARGET_NAME = NewImageGallery;
			};
			name = Release;
		};
/* End XCBuildConfiguration section */

/* Begin XCConfigurationList section */
		C6C264592B1E15DF0075C2D3 /* Build configuration list for PBXProject "NewImageGallery" */ = {
			isa = XCConfigurationList;
			buildConfigurations = (
				C6C264802B1E15E00075C2D3 /* Debug */,
				C6C264812B1E15E00075C2D3 /* Release */,
			);
			defaultConfigurationIsVisible = 0;
			defaultConfigurationName = Release;
		};
		C6C264822B1E15E00075C2D3 /* Build configuration list for PBXNativeTarget "NewImageGallery" */ = {
			isa = XCConfigurationList;
			buildConfigurations = (
				C6C264832B1E15E00075C2D3 /* Debug */,
				C6C264842B1E15E00075C2D3 /* Release */,
			);
			defaultConfigurationIsVisible = 0;
			defaultConfigurationName = Release;
		};
		C6C264852B1E15E00075C2D3 /* Build configuration list for PBXNativeTarget "NewImageGalleryTests" */ = {
			isa = XCConfigurationList;
			buildConfigurations = (
				C6C264862B1E15E00075C2D3 /* Debug */,
				C6C264872B1E15E00075C2D3 /* Release */,
			);
			defaultConfigurationIsVisible = 0;
			defaultConfigurationName = Release;
		};
		C6C264882B1E15E00075C2D3 /* Build configuration list for PBXNativeTarget "NewImageGalleryUITests" */ = {
			isa = XCConfigurationList;
			buildConfigurations = (
				C6C264892B1E15E00075C2D3 /* Debug */,
				C6C2648A2B1E15E00075C2D3 /* Release */,
			);
			defaultConfigurationIsVisible = 0;
			defaultConfigurationName = Release;
		};
/* End XCConfigurationList section */
	};
	rootObject = C6C264562B1E15DF0075C2D3 /* Project object */;
}
